
Microsoft Visual Studio Solution File, Format Version 12.00
# Visual Studio 15
VisualStudioVersion = 15.0.26430.16
MinimumVisualStudioVersion = 10.0.40219.1
Project("{FAE04EC0-301F-11D3-BF4B-00C04F79EFBC}") = "Horse.Server", "Horse.Server\Horse.Server.csproj", "{6473953C-FB4F-4DF8-A6DD-6E439993E79A}"
EndProject
Project("{FAE04EC0-301F-11D3-BF4B-00C04F79EFBC}") = "Horse.Engine.Test", "Horse.Engine.Test\Horse.Engine.Test.csproj", "{3B8E0674-8126-47AF-8901-04F76A23BE6B}"
EndProject
Project("{FAE04EC0-301F-11D3-BF4B-00C04F79EFBC}") = "Horse.Server.Test", "Horse.Server.Test\Horse.Server.Test.csproj", "{A31257F1-898B-4559-B7E3-0C4A35B5D7C6}"
EndProject
Project("{FAE04EC0-301F-11D3-BF4B-00C04F79EFBC}") = "Horse.Mobile.Test", "Horse.Mobile.Test\Horse.Mobile.Test.csproj", "{A16D7D9D-5C55-4598-B72A-91001559CB08}"
EndProject
Project("{FAE04EC0-301F-11D3-BF4B-00C04F79EFBC}") = "Horse.Engine", "Horse.Engine\Horse.Engine.csproj", "{7E7A5F1E-C4B5-4F85-A27E-E174CEC6A12B}"
EndProject
Project("{D954291E-2A0B-460D-934E-DC6B0785DB48}") = "Horse.Mobile", "Horse.Mobile\Horse.Mobile\Horse.Mobile.shproj", "{A4B1E653-1659-4BFE-98AC-BFA4DBCE5721}"
EndProject
Project("{FAE04EC0-301F-11D3-BF4B-00C04F79EFBC}") = "Horse.Mobile.Android", "Horse.Mobile\Horse.Mobile.Android\Horse.Mobile.Android.csproj", "{3C14890E-0DBA-491F-9DCA-666A88C524DA}"
EndProject
Project("{FAE04EC0-301F-11D3-BF4B-00C04F79EFBC}") = "Horse.Mobile.iOS", "Horse.Mobile\Horse.Mobile.iOS\Horse.Mobile.iOS.csproj", "{FCDA1A3D-A705-46A8-BA6A-7E185C772BA1}"
EndProject
Project("{FAE04EC0-301F-11D3-BF4B-00C04F79EFBC}") = "Horse.Mobile.UWP", "Horse.Mobile\Horse.Mobile.UWP\Horse.Mobile.UWP.csproj", "{29776D84-027E-421A-8463-1324D71D4B89}"
EndProject
Global
	GlobalSection(SharedMSBuildProjectFiles) = preSolution
		Horse.Mobile\Horse.Mobile\Horse.Mobile.projitems*{29776d84-027e-421a-8463-1324d71d4b89}*SharedItemsImports = 4
		Horse.Mobile\Horse.Mobile\Horse.Mobile.projitems*{3c14890e-0dba-491f-9dca-666a88c524da}*SharedItemsImports = 4
		Horse.Mobile\Horse.Mobile\Horse.Mobile.projitems*{a4b1e653-1659-4bfe-98ac-bfa4dbce5721}*SharedItemsImports = 13
		Horse.Mobile\Horse.Mobile\Horse.Mobile.projitems*{fcda1a3d-a705-46a8-ba6a-7e185c772ba1}*SharedItemsImports = 4
	EndGlobalSection
	GlobalSection(SolutionConfigurationPlatforms) = preSolution
		Ad-Hoc|Any CPU = Ad-Hoc|Any CPU
		Ad-Hoc|ARM = Ad-Hoc|ARM
		Ad-Hoc|iPhone = Ad-Hoc|iPhone
		Ad-Hoc|iPhoneSimulator = Ad-Hoc|iPhoneSimulator
		Ad-Hoc|x64 = Ad-Hoc|x64
		Ad-Hoc|x86 = Ad-Hoc|x86
		AppStore|Any CPU = AppStore|Any CPU
		AppStore|ARM = AppStore|ARM
		AppStore|iPhone = AppStore|iPhone
		AppStore|iPhoneSimulator = AppStore|iPhoneSimulator
		AppStore|x64 = AppStore|x64
		AppStore|x86 = AppStore|x86
		Debug|Any CPU = Debug|Any CPU
		Debug|ARM = Debug|ARM
		Debug|iPhone = Debug|iPhone
		Debug|iPhoneSimulator = Debug|iPhoneSimulator
		Debug|x64 = Debug|x64
		Debug|x86 = Debug|x86
		Release|Any CPU = Release|Any CPU
		Release|ARM = Release|ARM
		Release|iPhone = Release|iPhone
		Release|iPhoneSimulator = Release|iPhoneSimulator
		Release|x64 = Release|x64
		Release|x86 = Release|x86
	EndGlobalSection
	GlobalSection(ProjectConfigurationPlatforms) = postSolution
		{6473953C-FB4F-4DF8-A6DD-6E439993E79A}.Ad-Hoc|Any CPU.ActiveCfg = Release|Any CPU
		{6473953C-FB4F-4DF8-A6DD-6E439993E79A}.Ad-Hoc|Any CPU.Build.0 = Release|Any CPU
		{6473953C-FB4F-4DF8-A6DD-6E439993E79A}.Ad-Hoc|ARM.ActiveCfg = Release|Any CPU
		{6473953C-FB4F-4DF8-A6DD-6E439993E79A}.Ad-Hoc|ARM.Build.0 = Release|Any CPU
		{6473953C-FB4F-4DF8-A6DD-6E439993E79A}.Ad-Hoc|iPhone.ActiveCfg = Release|Any CPU
		{6473953C-FB4F-4DF8-A6DD-6E439993E79A}.Ad-Hoc|iPhone.Build.0 = Release|Any CPU
		{6473953C-FB4F-4DF8-A6DD-6E439993E79A}.Ad-Hoc|iPhoneSimulator.ActiveCfg = Release|Any CPU
		{6473953C-FB4F-4DF8-A6DD-6E439993E79A}.Ad-Hoc|iPhoneSimulator.Build.0 = Release|Any CPU
		{6473953C-FB4F-4DF8-A6DD-6E439993E79A}.Ad-Hoc|x64.ActiveCfg = Release|Any CPU
		{6473953C-FB4F-4DF8-A6DD-6E439993E79A}.Ad-Hoc|x64.Build.0 = Release|Any CPU
		{6473953C-FB4F-4DF8-A6DD-6E439993E79A}.Ad-Hoc|x86.ActiveCfg = Release|Any CPU
		{6473953C-FB4F-4DF8-A6DD-6E439993E79A}.Ad-Hoc|x86.Build.0 = Release|Any CPU
		{6473953C-FB4F-4DF8-A6DD-6E439993E79A}.AppStore|Any CPU.ActiveCfg = Release|Any CPU
		{6473953C-FB4F-4DF8-A6DD-6E439993E79A}.AppStore|Any CPU.Build.0 = Release|Any CPU
		{6473953C-FB4F-4DF8-A6DD-6E439993E79A}.AppStore|ARM.ActiveCfg = Release|Any CPU
		{6473953C-FB4F-4DF8-A6DD-6E439993E79A}.AppStore|ARM.Build.0 = Release|Any CPU
		{6473953C-FB4F-4DF8-A6DD-6E439993E79A}.AppStore|iPhone.ActiveCfg = Release|Any CPU
		{6473953C-FB4F-4DF8-A6DD-6E439993E79A}.AppStore|iPhone.Build.0 = Release|Any CPU
		{6473953C-FB4F-4DF8-A6DD-6E439993E79A}.AppStore|iPhoneSimulator.ActiveCfg = Release|Any CPU
		{6473953C-FB4F-4DF8-A6DD-6E439993E79A}.AppStore|iPhoneSimulator.Build.0 = Release|Any CPU
		{6473953C-FB4F-4DF8-A6DD-6E439993E79A}.AppStore|x64.ActiveCfg = Release|Any CPU
		{6473953C-FB4F-4DF8-A6DD-6E439993E79A}.AppStore|x64.Build.0 = Release|Any CPU
		{6473953C-FB4F-4DF8-A6DD-6E439993E79A}.AppStore|x86.ActiveCfg = Release|Any CPU
		{6473953C-FB4F-4DF8-A6DD-6E439993E79A}.AppStore|x86.Build.0 = Release|Any CPU
		{6473953C-FB4F-4DF8-A6DD-6E439993E79A}.Debug|Any CPU.ActiveCfg = Debug|Any CPU
		{6473953C-FB4F-4DF8-A6DD-6E439993E79A}.Debug|Any CPU.Build.0 = Debug|Any CPU
		{6473953C-FB4F-4DF8-A6DD-6E439993E79A}.Debug|ARM.ActiveCfg = Debug|Any CPU
		{6473953C-FB4F-4DF8-A6DD-6E439993E79A}.Debug|ARM.Build.0 = Debug|Any CPU
		{6473953C-FB4F-4DF8-A6DD-6E439993E79A}.Debug|iPhone.ActiveCfg = Debug|Any CPU
		{6473953C-FB4F-4DF8-A6DD-6E439993E79A}.Debug|iPhone.Build.0 = Debug|Any CPU
		{6473953C-FB4F-4DF8-A6DD-6E439993E79A}.Debug|iPhoneSimulator.ActiveCfg = Debug|Any CPU
		{6473953C-FB4F-4DF8-A6DD-6E439993E79A}.Debug|iPhoneSimulator.Build.0 = Debug|Any CPU
		{6473953C-FB4F-4DF8-A6DD-6E439993E79A}.Debug|x64.ActiveCfg = Debug|Any CPU
		{6473953C-FB4F-4DF8-A6DD-6E439993E79A}.Debug|x64.Build.0 = Debug|Any CPU
		{6473953C-FB4F-4DF8-A6DD-6E439993E79A}.Debug|x86.ActiveCfg = Debug|Any CPU
		{6473953C-FB4F-4DF8-A6DD-6E439993E79A}.Debug|x86.Build.0 = Debug|Any CPU
		{6473953C-FB4F-4DF8-A6DD-6E439993E79A}.Release|Any CPU.ActiveCfg = Release|Any CPU
		{6473953C-FB4F-4DF8-A6DD-6E439993E79A}.Release|Any CPU.Build.0 = Release|Any CPU
		{6473953C-FB4F-4DF8-A6DD-6E439993E79A}.Release|ARM.ActiveCfg = Release|Any CPU
		{6473953C-FB4F-4DF8-A6DD-6E439993E79A}.Release|ARM.Build.0 = Release|Any CPU
		{6473953C-FB4F-4DF8-A6DD-6E439993E79A}.Release|iPhone.ActiveCfg = Release|Any CPU
		{6473953C-FB4F-4DF8-A6DD-6E439993E79A}.Release|iPhone.Build.0 = Release|Any CPU
		{6473953C-FB4F-4DF8-A6DD-6E439993E79A}.Release|iPhoneSimulator.ActiveCfg = Release|Any CPU
		{6473953C-FB4F-4DF8-A6DD-6E439993E79A}.Release|iPhoneSimulator.Build.0 = Release|Any CPU
		{6473953C-FB4F-4DF8-A6DD-6E439993E79A}.Release|x64.ActiveCfg = Release|Any CPU
		{6473953C-FB4F-4DF8-A6DD-6E439993E79A}.Release|x64.Build.0 = Release|Any CPU
		{6473953C-FB4F-4DF8-A6DD-6E439993E79A}.Release|x86.ActiveCfg = Release|Any CPU
		{6473953C-FB4F-4DF8-A6DD-6E439993E79A}.Release|x86.Build.0 = Release|Any CPU
		{3B8E0674-8126-47AF-8901-04F76A23BE6B}.Ad-Hoc|Any CPU.ActiveCfg = Release|Any CPU
		{3B8E0674-8126-47AF-8901-04F76A23BE6B}.Ad-Hoc|Any CPU.Build.0 = Release|Any CPU
		{3B8E0674-8126-47AF-8901-04F76A23BE6B}.Ad-Hoc|ARM.ActiveCfg = Release|Any CPU
		{3B8E0674-8126-47AF-8901-04F76A23BE6B}.Ad-Hoc|ARM.Build.0 = Release|Any CPU
		{3B8E0674-8126-47AF-8901-04F76A23BE6B}.Ad-Hoc|iPhone.ActiveCfg = Release|Any CPU
		{3B8E0674-8126-47AF-8901-04F76A23BE6B}.Ad-Hoc|iPhone.Build.0 = Release|Any CPU
		{3B8E0674-8126-47AF-8901-04F76A23BE6B}.Ad-Hoc|iPhoneSimulator.ActiveCfg = Release|Any CPU
		{3B8E0674-8126-47AF-8901-04F76A23BE6B}.Ad-Hoc|iPhoneSimulator.Build.0 = Release|Any CPU
		{3B8E0674-8126-47AF-8901-04F76A23BE6B}.Ad-Hoc|x64.ActiveCfg = Release|Any CPU
		{3B8E0674-8126-47AF-8901-04F76A23BE6B}.Ad-Hoc|x64.Build.0 = Release|Any CPU
		{3B8E0674-8126-47AF-8901-04F76A23BE6B}.Ad-Hoc|x86.ActiveCfg = Release|Any CPU
		{3B8E0674-8126-47AF-8901-04F76A23BE6B}.Ad-Hoc|x86.Build.0 = Release|Any CPU
		{3B8E0674-8126-47AF-8901-04F76A23BE6B}.AppStore|Any CPU.ActiveCfg = Release|Any CPU
		{3B8E0674-8126-47AF-8901-04F76A23BE6B}.AppStore|Any CPU.Build.0 = Release|Any CPU
		{3B8E0674-8126-47AF-8901-04F76A23BE6B}.AppStore|ARM.ActiveCfg = Release|Any CPU
		{3B8E0674-8126-47AF-8901-04F76A23BE6B}.AppStore|ARM.Build.0 = Release|Any CPU
		{3B8E0674-8126-47AF-8901-04F76A23BE6B}.AppStore|iPhone.ActiveCfg = Release|Any CPU
		{3B8E0674-8126-47AF-8901-04F76A23BE6B}.AppStore|iPhone.Build.0 = Release|Any CPU
		{3B8E0674-8126-47AF-8901-04F76A23BE6B}.AppStore|iPhoneSimulator.ActiveCfg = Release|Any CPU
		{3B8E0674-8126-47AF-8901-04F76A23BE6B}.AppStore|iPhoneSimulator.Build.0 = Release|Any CPU
		{3B8E0674-8126-47AF-8901-04F76A23BE6B}.AppStore|x64.ActiveCfg = Release|Any CPU
		{3B8E0674-8126-47AF-8901-04F76A23BE6B}.AppStore|x64.Build.0 = Release|Any CPU
		{3B8E0674-8126-47AF-8901-04F76A23BE6B}.AppStore|x86.ActiveCfg = Release|Any CPU
		{3B8E0674-8126-47AF-8901-04F76A23BE6B}.AppStore|x86.Build.0 = Release|Any CPU
		{3B8E0674-8126-47AF-8901-04F76A23BE6B}.Debug|Any CPU.ActiveCfg = Debug|Any CPU
		{3B8E0674-8126-47AF-8901-04F76A23BE6B}.Debug|Any CPU.Build.0 = Debug|Any CPU
		{3B8E0674-8126-47AF-8901-04F76A23BE6B}.Debug|ARM.ActiveCfg = Debug|Any CPU
		{3B8E0674-8126-47AF-8901-04F76A23BE6B}.Debug|ARM.Build.0 = Debug|Any CPU
		{3B8E0674-8126-47AF-8901-04F76A23BE6B}.Debug|iPhone.ActiveCfg = Debug|Any CPU
		{3B8E0674-8126-47AF-8901-04F76A23BE6B}.Debug|iPhone.Build.0 = Debug|Any CPU
		{3B8E0674-8126-47AF-8901-04F76A23BE6B}.Debug|iPhoneSimulator.ActiveCfg = Debug|Any CPU
		{3B8E0674-8126-47AF-8901-04F76A23BE6B}.Debug|iPhoneSimulator.Build.0 = Debug|Any CPU
		{3B8E0674-8126-47AF-8901-04F76A23BE6B}.Debug|x64.ActiveCfg = Debug|Any CPU
		{3B8E0674-8126-47AF-8901-04F76A23BE6B}.Debug|x64.Build.0 = Debug|Any CPU
		{3B8E0674-8126-47AF-8901-04F76A23BE6B}.Debug|x86.ActiveCfg = Debug|Any CPU
		{3B8E0674-8126-47AF-8901-04F76A23BE6B}.Debug|x86.Build.0 = Debug|Any CPU
		{3B8E0674-8126-47AF-8901-04F76A23BE6B}.Release|Any CPU.ActiveCfg = Release|Any CPU
		{3B8E0674-8126-47AF-8901-04F76A23BE6B}.Release|Any CPU.Build.0 = Release|Any CPU
		{3B8E0674-8126-47AF-8901-04F76A23BE6B}.Release|ARM.ActiveCfg = Release|Any CPU
		{3B8E0674-8126-47AF-8901-04F76A23BE6B}.Release|ARM.Build.0 = Release|Any CPU
		{3B8E0674-8126-47AF-8901-04F76A23BE6B}.Release|iPhone.ActiveCfg = Release|Any CPU
		{3B8E0674-8126-47AF-8901-04F76A23BE6B}.Release|iPhone.Build.0 = Release|Any CPU
		{3B8E0674-8126-47AF-8901-04F76A23BE6B}.Release|iPhoneSimulator.ActiveCfg = Release|Any CPU
		{3B8E0674-8126-47AF-8901-04F76A23BE6B}.Release|iPhoneSimulator.Build.0 = Release|Any CPU
		{3B8E0674-8126-47AF-8901-04F76A23BE6B}.Release|x64.ActiveCfg = Release|Any CPU
		{3B8E0674-8126-47AF-8901-04F76A23BE6B}.Release|x64.Build.0 = Release|Any CPU
		{3B8E0674-8126-47AF-8901-04F76A23BE6B}.Release|x86.ActiveCfg = Release|Any CPU
		{3B8E0674-8126-47AF-8901-04F76A23BE6B}.Release|x86.Build.0 = Release|Any CPU
		{A31257F1-898B-4559-B7E3-0C4A35B5D7C6}.Ad-Hoc|Any CPU.ActiveCfg = Release|Any CPU
		{A31257F1-898B-4559-B7E3-0C4A35B5D7C6}.Ad-Hoc|Any CPU.Build.0 = Release|Any CPU
		{A31257F1-898B-4559-B7E3-0C4A35B5D7C6}.Ad-Hoc|ARM.ActiveCfg = Release|Any CPU
		{A31257F1-898B-4559-B7E3-0C4A35B5D7C6}.Ad-Hoc|ARM.Build.0 = Release|Any CPU
		{A31257F1-898B-4559-B7E3-0C4A35B5D7C6}.Ad-Hoc|iPhone.ActiveCfg = Release|Any CPU
		{A31257F1-898B-4559-B7E3-0C4A35B5D7C6}.Ad-Hoc|iPhone.Build.0 = Release|Any CPU
		{A31257F1-898B-4559-B7E3-0C4A35B5D7C6}.Ad-Hoc|iPhoneSimulator.ActiveCfg = Release|Any CPU
		{A31257F1-898B-4559-B7E3-0C4A35B5D7C6}.Ad-Hoc|iPhoneSimulator.Build.0 = Release|Any CPU
		{A31257F1-898B-4559-B7E3-0C4A35B5D7C6}.Ad-Hoc|x64.ActiveCfg = Release|Any CPU
		{A31257F1-898B-4559-B7E3-0C4A35B5D7C6}.Ad-Hoc|x64.Build.0 = Release|Any CPU
		{A31257F1-898B-4559-B7E3-0C4A35B5D7C6}.Ad-Hoc|x86.ActiveCfg = Release|Any CPU
		{A31257F1-898B-4559-B7E3-0C4A35B5D7C6}.Ad-Hoc|x86.Build.0 = Release|Any CPU
		{A31257F1-898B-4559-B7E3-0C4A35B5D7C6}.AppStore|Any CPU.ActiveCfg = Release|Any CPU
		{A31257F1-898B-4559-B7E3-0C4A35B5D7C6}.AppStore|Any CPU.Build.0 = Release|Any CPU
		{A31257F1-898B-4559-B7E3-0C4A35B5D7C6}.AppStore|ARM.ActiveCfg = Release|Any CPU
		{A31257F1-898B-4559-B7E3-0C4A35B5D7C6}.AppStore|ARM.Build.0 = Release|Any CPU
		{A31257F1-898B-4559-B7E3-0C4A35B5D7C6}.AppStore|iPhone.ActiveCfg = Release|Any CPU
		{A31257F1-898B-4559-B7E3-0C4A35B5D7C6}.AppStore|iPhone.Build.0 = Release|Any CPU
		{A31257F1-898B-4559-B7E3-0C4A35B5D7C6}.AppStore|iPhoneSimulator.ActiveCfg = Release|Any CPU
		{A31257F1-898B-4559-B7E3-0C4A35B5D7C6}.AppStore|iPhoneSimulator.Build.0 = Release|Any CPU
		{A31257F1-898B-4559-B7E3-0C4A35B5D7C6}.AppStore|x64.ActiveCfg = Release|Any CPU
		{A31257F1-898B-4559-B7E3-0C4A35B5D7C6}.AppStore|x64.Build.0 = Release|Any CPU
		{A31257F1-898B-4559-B7E3-0C4A35B5D7C6}.AppStore|x86.ActiveCfg = Release|Any CPU
		{A31257F1-898B-4559-B7E3-0C4A35B5D7C6}.AppStore|x86.Build.0 = Release|Any CPU
		{A31257F1-898B-4559-B7E3-0C4A35B5D7C6}.Debug|Any CPU.ActiveCfg = Debug|Any CPU
		{A31257F1-898B-4559-B7E3-0C4A35B5D7C6}.Debug|Any CPU.Build.0 = Debug|Any CPU
		{A31257F1-898B-4559-B7E3-0C4A35B5D7C6}.Debug|ARM.ActiveCfg = Debug|Any CPU
		{A31257F1-898B-4559-B7E3-0C4A35B5D7C6}.Debug|ARM.Build.0 = Debug|Any CPU
		{A31257F1-898B-4559-B7E3-0C4A35B5D7C6}.Debug|iPhone.ActiveCfg = Debug|Any CPU
		{A31257F1-898B-4559-B7E3-0C4A35B5D7C6}.Debug|iPhone.Build.0 = Debug|Any CPU
		{A31257F1-898B-4559-B7E3-0C4A35B5D7C6}.Debug|iPhoneSimulator.ActiveCfg = Debug|Any CPU
		{A31257F1-898B-4559-B7E3-0C4A35B5D7C6}.Debug|iPhoneSimulator.Build.0 = Debug|Any CPU
		{A31257F1-898B-4559-B7E3-0C4A35B5D7C6}.Debug|x64.ActiveCfg = Debug|Any CPU
		{A31257F1-898B-4559-B7E3-0C4A35B5D7C6}.Debug|x64.Build.0 = Debug|Any CPU
		{A31257F1-898B-4559-B7E3-0C4A35B5D7C6}.Debug|x86.ActiveCfg = Debug|Any CPU
		{A31257F1-898B-4559-B7E3-0C4A35B5D7C6}.Debug|x86.Build.0 = Debug|Any CPU
		{A31257F1-898B-4559-B7E3-0C4A35B5D7C6}.Release|Any CPU.ActiveCfg = Release|Any CPU
		{A31257F1-898B-4559-B7E3-0C4A35B5D7C6}.Release|Any CPU.Build.0 = Release|Any CPU
		{A31257F1-898B-4559-B7E3-0C4A35B5D7C6}.Release|ARM.ActiveCfg = Release|Any CPU
		{A31257F1-898B-4559-B7E3-0C4A35B5D7C6}.Release|ARM.Build.0 = Release|Any CPU
		{A31257F1-898B-4559-B7E3-0C4A35B5D7C6}.Release|iPhone.ActiveCfg = Release|Any CPU
		{A31257F1-898B-4559-B7E3-0C4A35B5D7C6}.Release|iPhone.Build.0 = Release|Any CPU
		{A31257F1-898B-4559-B7E3-0C4A35B5D7C6}.Release|iPhoneSimulator.ActiveCfg = Release|Any CPU
		{A31257F1-898B-4559-B7E3-0C4A35B5D7C6}.Release|iPhoneSimulator.Build.0 = Release|Any CPU
		{A31257F1-898B-4559-B7E3-0C4A35B5D7C6}.Release|x64.ActiveCfg = Release|Any CPU
		{A31257F1-898B-4559-B7E3-0C4A35B5D7C6}.Release|x64.Build.0 = Release|Any CPU
		{A31257F1-898B-4559-B7E3-0C4A35B5D7C6}.Release|x86.ActiveCfg = Release|Any CPU
		{A31257F1-898B-4559-B7E3-0C4A35B5D7C6}.Release|x86.Build.0 = Release|Any CPU
		{A16D7D9D-5C55-4598-B72A-91001559CB08}.Ad-Hoc|Any CPU.ActiveCfg = Release|Any CPU
		{A16D7D9D-5C55-4598-B72A-91001559CB08}.Ad-Hoc|Any CPU.Build.0 = Release|Any CPU
		{A16D7D9D-5C55-4598-B72A-91001559CB08}.Ad-Hoc|ARM.ActiveCfg = Release|Any CPU
		{A16D7D9D-5C55-4598-B72A-91001559CB08}.Ad-Hoc|ARM.Build.0 = Release|Any CPU
		{A16D7D9D-5C55-4598-B72A-91001559CB08}.Ad-Hoc|iPhone.ActiveCfg = Release|Any CPU
		{A16D7D9D-5C55-4598-B72A-91001559CB08}.Ad-Hoc|iPhone.Build.0 = Release|Any CPU
		{A16D7D9D-5C55-4598-B72A-91001559CB08}.Ad-Hoc|iPhoneSimulator.ActiveCfg = Release|Any CPU
		{A16D7D9D-5C55-4598-B72A-91001559CB08}.Ad-Hoc|iPhoneSimulator.Build.0 = Release|Any CPU
		{A16D7D9D-5C55-4598-B72A-91001559CB08}.Ad-Hoc|x64.ActiveCfg = Release|Any CPU
		{A16D7D9D-5C55-4598-B72A-91001559CB08}.Ad-Hoc|x64.Build.0 = Release|Any CPU
		{A16D7D9D-5C55-4598-B72A-91001559CB08}.Ad-Hoc|x86.ActiveCfg = Release|Any CPU
		{A16D7D9D-5C55-4598-B72A-91001559CB08}.Ad-Hoc|x86.Build.0 = Release|Any CPU
		{A16D7D9D-5C55-4598-B72A-91001559CB08}.AppStore|Any CPU.ActiveCfg = Release|Any CPU
		{A16D7D9D-5C55-4598-B72A-91001559CB08}.AppStore|Any CPU.Build.0 = Release|Any CPU
		{A16D7D9D-5C55-4598-B72A-91001559CB08}.AppStore|ARM.ActiveCfg = Release|Any CPU
		{A16D7D9D-5C55-4598-B72A-91001559CB08}.AppStore|ARM.Build.0 = Release|Any CPU
		{A16D7D9D-5C55-4598-B72A-91001559CB08}.AppStore|iPhone.ActiveCfg = Release|Any CPU
		{A16D7D9D-5C55-4598-B72A-91001559CB08}.AppStore|iPhone.Build.0 = Release|Any CPU
		{A16D7D9D-5C55-4598-B72A-91001559CB08}.AppStore|iPhoneSimulator.ActiveCfg = Release|Any CPU
		{A16D7D9D-5C55-4598-B72A-91001559CB08}.AppStore|iPhoneSimulator.Build.0 = Release|Any CPU
		{A16D7D9D-5C55-4598-B72A-91001559CB08}.AppStore|x64.ActiveCfg = Release|Any CPU
		{A16D7D9D-5C55-4598-B72A-91001559CB08}.AppStore|x64.Build.0 = Release|Any CPU
		{A16D7D9D-5C55-4598-B72A-91001559CB08}.AppStore|x86.ActiveCfg = Release|Any CPU
		{A16D7D9D-5C55-4598-B72A-91001559CB08}.AppStore|x86.Build.0 = Release|Any CPU
		{A16D7D9D-5C55-4598-B72A-91001559CB08}.Debug|Any CPU.ActiveCfg = Debug|Any CPU
		{A16D7D9D-5C55-4598-B72A-91001559CB08}.Debug|Any CPU.Build.0 = Debug|Any CPU
		{A16D7D9D-5C55-4598-B72A-91001559CB08}.Debug|ARM.ActiveCfg = Debug|Any CPU
		{A16D7D9D-5C55-4598-B72A-91001559CB08}.Debug|ARM.Build.0 = Debug|Any CPU
		{A16D7D9D-5C55-4598-B72A-91001559CB08}.Debug|iPhone.ActiveCfg = Debug|Any CPU
		{A16D7D9D-5C55-4598-B72A-91001559CB08}.Debug|iPhone.Build.0 = Debug|Any CPU
		{A16D7D9D-5C55-4598-B72A-91001559CB08}.Debug|iPhoneSimulator.ActiveCfg = Debug|Any CPU
		{A16D7D9D-5C55-4598-B72A-91001559CB08}.Debug|iPhoneSimulator.Build.0 = Debug|Any CPU
		{A16D7D9D-5C55-4598-B72A-91001559CB08}.Debug|x64.ActiveCfg = Debug|Any CPU
		{A16D7D9D-5C55-4598-B72A-91001559CB08}.Debug|x64.Build.0 = Debug|Any CPU
		{A16D7D9D-5C55-4598-B72A-91001559CB08}.Debug|x86.ActiveCfg = Debug|Any CPU
		{A16D7D9D-5C55-4598-B72A-91001559CB08}.Debug|x86.Build.0 = Debug|Any CPU
		{A16D7D9D-5C55-4598-B72A-91001559CB08}.Release|Any CPU.ActiveCfg = Release|Any CPU
		{A16D7D9D-5C55-4598-B72A-91001559CB08}.Release|Any CPU.Build.0 = Release|Any CPU
		{A16D7D9D-5C55-4598-B72A-91001559CB08}.Release|ARM.ActiveCfg = Release|Any CPU
		{A16D7D9D-5C55-4598-B72A-91001559CB08}.Release|ARM.Build.0 = Release|Any CPU
		{A16D7D9D-5C55-4598-B72A-91001559CB08}.Release|iPhone.ActiveCfg = Release|Any CPU
		{A16D7D9D-5C55-4598-B72A-91001559CB08}.Release|iPhone.Build.0 = Release|Any CPU
		{A16D7D9D-5C55-4598-B72A-91001559CB08}.Release|iPhoneSimulator.ActiveCfg = Release|Any CPU
		{A16D7D9D-5C55-4598-B72A-91001559CB08}.Release|iPhoneSimulator.Build.0 = Release|Any CPU
		{A16D7D9D-5C55-4598-B72A-91001559CB08}.Release|x64.ActiveCfg = Release|Any CPU
		{A16D7D9D-5C55-4598-B72A-91001559CB08}.Release|x64.Build.0 = Release|Any CPU
		{A16D7D9D-5C55-4598-B72A-91001559CB08}.Release|x86.ActiveCfg = Release|Any CPU
		{A16D7D9D-5C55-4598-B72A-91001559CB08}.Release|x86.Build.0 = Release|Any CPU
		{7E7A5F1E-C4B5-4F85-A27E-E174CEC6A12B}.Ad-Hoc|Any CPU.ActiveCfg = Release|Any CPU
		{7E7A5F1E-C4B5-4F85-A27E-E174CEC6A12B}.Ad-Hoc|Any CPU.Build.0 = Release|Any CPU
		{7E7A5F1E-C4B5-4F85-A27E-E174CEC6A12B}.Ad-Hoc|ARM.ActiveCfg = Release|Any CPU
		{7E7A5F1E-C4B5-4F85-A27E-E174CEC6A12B}.Ad-Hoc|ARM.Build.0 = Release|Any CPU
		{7E7A5F1E-C4B5-4F85-A27E-E174CEC6A12B}.Ad-Hoc|iPhone.ActiveCfg = Release|Any CPU
		{7E7A5F1E-C4B5-4F85-A27E-E174CEC6A12B}.Ad-Hoc|iPhone.Build.0 = Release|Any CPU
		{7E7A5F1E-C4B5-4F85-A27E-E174CEC6A12B}.Ad-Hoc|iPhoneSimulator.ActiveCfg = Release|Any CPU
		{7E7A5F1E-C4B5-4F85-A27E-E174CEC6A12B}.Ad-Hoc|iPhoneSimulator.Build.0 = Release|Any CPU
		{7E7A5F1E-C4B5-4F85-A27E-E174CEC6A12B}.Ad-Hoc|x64.ActiveCfg = Release|Any CPU
		{7E7A5F1E-C4B5-4F85-A27E-E174CEC6A12B}.Ad-Hoc|x64.Build.0 = Release|Any CPU
		{7E7A5F1E-C4B5-4F85-A27E-E174CEC6A12B}.Ad-Hoc|x86.ActiveCfg = Release|Any CPU
		{7E7A5F1E-C4B5-4F85-A27E-E174CEC6A12B}.Ad-Hoc|x86.Build.0 = Release|Any CPU
		{7E7A5F1E-C4B5-4F85-A27E-E174CEC6A12B}.AppStore|Any CPU.ActiveCfg = Release|Any CPU
		{7E7A5F1E-C4B5-4F85-A27E-E174CEC6A12B}.AppStore|Any CPU.Build.0 = Release|Any CPU
		{7E7A5F1E-C4B5-4F85-A27E-E174CEC6A12B}.AppStore|ARM.ActiveCfg = Release|Any CPU
		{7E7A5F1E-C4B5-4F85-A27E-E174CEC6A12B}.AppStore|ARM.Build.0 = Release|Any CPU
		{7E7A5F1E-C4B5-4F85-A27E-E174CEC6A12B}.AppStore|iPhone.ActiveCfg = Release|Any CPU
		{7E7A5F1E-C4B5-4F85-A27E-E174CEC6A12B}.AppStore|iPhone.Build.0 = Release|Any CPU
		{7E7A5F1E-C4B5-4F85-A27E-E174CEC6A12B}.AppStore|iPhoneSimulator.ActiveCfg = Release|Any CPU
		{7E7A5F1E-C4B5-4F85-A27E-E174CEC6A12B}.AppStore|iPhoneSimulator.Build.0 = Release|Any CPU
		{7E7A5F1E-C4B5-4F85-A27E-E174CEC6A12B}.AppStore|x64.ActiveCfg = Release|Any CPU
		{7E7A5F1E-C4B5-4F85-A27E-E174CEC6A12B}.AppStore|x64.Build.0 = Release|Any CPU
		{7E7A5F1E-C4B5-4F85-A27E-E174CEC6A12B}.AppStore|x86.ActiveCfg = Release|Any CPU
		{7E7A5F1E-C4B5-4F85-A27E-E174CEC6A12B}.AppStore|x86.Build.0 = Release|Any CPU
		{7E7A5F1E-C4B5-4F85-A27E-E174CEC6A12B}.Debug|Any CPU.ActiveCfg = Debug|Any CPU
		{7E7A5F1E-C4B5-4F85-A27E-E174CEC6A12B}.Debug|Any CPU.Build.0 = Debug|Any CPU
		{7E7A5F1E-C4B5-4F85-A27E-E174CEC6A12B}.Debug|ARM.ActiveCfg = Debug|Any CPU
		{7E7A5F1E-C4B5-4F85-A27E-E174CEC6A12B}.Debug|ARM.Build.0 = Debug|Any CPU
		{7E7A5F1E-C4B5-4F85-A27E-E174CEC6A12B}.Debug|iPhone.ActiveCfg = Debug|Any CPU
		{7E7A5F1E-C4B5-4F85-A27E-E174CEC6A12B}.Debug|iPhone.Build.0 = Debug|Any CPU
		{7E7A5F1E-C4B5-4F85-A27E-E174CEC6A12B}.Debug|iPhoneSimulator.ActiveCfg = Debug|Any CPU
		{7E7A5F1E-C4B5-4F85-A27E-E174CEC6A12B}.Debug|iPhoneSimulator.Build.0 = Debug|Any CPU
		{7E7A5F1E-C4B5-4F85-A27E-E174CEC6A12B}.Debug|x64.ActiveCfg = Debug|Any CPU
		{7E7A5F1E-C4B5-4F85-A27E-E174CEC6A12B}.Debug|x64.Build.0 = Debug|Any CPU
		{7E7A5F1E-C4B5-4F85-A27E-E174CEC6A12B}.Debug|x86.ActiveCfg = Debug|Any CPU
		{7E7A5F1E-C4B5-4F85-A27E-E174CEC6A12B}.Debug|x86.Build.0 = Debug|Any CPU
		{7E7A5F1E-C4B5-4F85-A27E-E174CEC6A12B}.Release|Any CPU.ActiveCfg = Release|Any CPU
		{7E7A5F1E-C4B5-4F85-A27E-E174CEC6A12B}.Release|Any CPU.Build.0 = Release|Any CPU
		{7E7A5F1E-C4B5-4F85-A27E-E174CEC6A12B}.Release|ARM.ActiveCfg = Release|Any CPU
		{7E7A5F1E-C4B5-4F85-A27E-E174CEC6A12B}.Release|ARM.Build.0 = Release|Any CPU
		{7E7A5F1E-C4B5-4F85-A27E-E174CEC6A12B}.Release|iPhone.ActiveCfg = Release|Any CPU
		{7E7A5F1E-C4B5-4F85-A27E-E174CEC6A12B}.Release|iPhone.Build.0 = Release|Any CPU
		{7E7A5F1E-C4B5-4F85-A27E-E174CEC6A12B}.Release|iPhoneSimulator.ActiveCfg = Release|Any CPU
		{7E7A5F1E-C4B5-4F85-A27E-E174CEC6A12B}.Release|iPhoneSimulator.Build.0 = Release|Any CPU
		{7E7A5F1E-C4B5-4F85-A27E-E174CEC6A12B}.Release|x64.ActiveCfg = Release|Any CPU
		{7E7A5F1E-C4B5-4F85-A27E-E174CEC6A12B}.Release|x64.Build.0 = Release|Any CPU
		{7E7A5F1E-C4B5-4F85-A27E-E174CEC6A12B}.Release|x86.ActiveCfg = Release|Any CPU
		{7E7A5F1E-C4B5-4F85-A27E-E174CEC6A12B}.Release|x86.Build.0 = Release|Any CPU
		{3C14890E-0DBA-491F-9DCA-666A88C524DA}.Ad-Hoc|Any CPU.ActiveCfg = Release|Any CPU
		{3C14890E-0DBA-491F-9DCA-666A88C524DA}.Ad-Hoc|Any CPU.Build.0 = Release|Any CPU
		{3C14890E-0DBA-491F-9DCA-666A88C524DA}.Ad-Hoc|Any CPU.Deploy.0 = Release|Any CPU
		{3C14890E-0DBA-491F-9DCA-666A88C524DA}.Ad-Hoc|ARM.ActiveCfg = Release|Any CPU
		{3C14890E-0DBA-491F-9DCA-666A88C524DA}.Ad-Hoc|ARM.Build.0 = Release|Any CPU
		{3C14890E-0DBA-491F-9DCA-666A88C524DA}.Ad-Hoc|ARM.Deploy.0 = Release|Any CPU
		{3C14890E-0DBA-491F-9DCA-666A88C524DA}.Ad-Hoc|iPhone.ActiveCfg = Release|Any CPU
		{3C14890E-0DBA-491F-9DCA-666A88C524DA}.Ad-Hoc|iPhone.Build.0 = Release|Any CPU
		{3C14890E-0DBA-491F-9DCA-666A88C524DA}.Ad-Hoc|iPhone.Deploy.0 = Release|Any CPU
		{3C14890E-0DBA-491F-9DCA-666A88C524DA}.Ad-Hoc|iPhoneSimulator.ActiveCfg = Release|Any CPU
		{3C14890E-0DBA-491F-9DCA-666A88C524DA}.Ad-Hoc|iPhoneSimulator.Build.0 = Release|Any CPU
		{3C14890E-0DBA-491F-9DCA-666A88C524DA}.Ad-Hoc|iPhoneSimulator.Deploy.0 = Release|Any CPU
		{3C14890E-0DBA-491F-9DCA-666A88C524DA}.Ad-Hoc|x64.ActiveCfg = Release|Any CPU
		{3C14890E-0DBA-491F-9DCA-666A88C524DA}.Ad-Hoc|x64.Build.0 = Release|Any CPU
		{3C14890E-0DBA-491F-9DCA-666A88C524DA}.Ad-Hoc|x64.Deploy.0 = Release|Any CPU
		{3C14890E-0DBA-491F-9DCA-666A88C524DA}.Ad-Hoc|x86.ActiveCfg = Release|Any CPU
		{3C14890E-0DBA-491F-9DCA-666A88C524DA}.Ad-Hoc|x86.Build.0 = Release|Any CPU
		{3C14890E-0DBA-491F-9DCA-666A88C524DA}.Ad-Hoc|x86.Deploy.0 = Release|Any CPU
		{3C14890E-0DBA-491F-9DCA-666A88C524DA}.AppStore|Any CPU.ActiveCfg = Release|Any CPU
		{3C14890E-0DBA-491F-9DCA-666A88C524DA}.AppStore|Any CPU.Build.0 = Release|Any CPU
		{3C14890E-0DBA-491F-9DCA-666A88C524DA}.AppStore|Any CPU.Deploy.0 = Release|Any CPU
		{3C14890E-0DBA-491F-9DCA-666A88C524DA}.AppStore|ARM.ActiveCfg = Release|Any CPU
		{3C14890E-0DBA-491F-9DCA-666A88C524DA}.AppStore|ARM.Build.0 = Release|Any CPU
		{3C14890E-0DBA-491F-9DCA-666A88C524DA}.AppStore|ARM.Deploy.0 = Release|Any CPU
		{3C14890E-0DBA-491F-9DCA-666A88C524DA}.AppStore|iPhone.ActiveCfg = Release|Any CPU
		{3C14890E-0DBA-491F-9DCA-666A88C524DA}.AppStore|iPhone.Build.0 = Release|Any CPU
		{3C14890E-0DBA-491F-9DCA-666A88C524DA}.AppStore|iPhone.Deploy.0 = Release|Any CPU
		{3C14890E-0DBA-491F-9DCA-666A88C524DA}.AppStore|iPhoneSimulator.ActiveCfg = Release|Any CPU
		{3C14890E-0DBA-491F-9DCA-666A88C524DA}.AppStore|iPhoneSimulator.Build.0 = Release|Any CPU
		{3C14890E-0DBA-491F-9DCA-666A88C524DA}.AppStore|iPhoneSimulator.Deploy.0 = Release|Any CPU
		{3C14890E-0DBA-491F-9DCA-666A88C524DA}.AppStore|x64.ActiveCfg = Release|Any CPU
		{3C14890E-0DBA-491F-9DCA-666A88C524DA}.AppStore|x64.Build.0 = Release|Any CPU
		{3C14890E-0DBA-491F-9DCA-666A88C524DA}.AppStore|x64.Deploy.0 = Release|Any CPU
		{3C14890E-0DBA-491F-9DCA-666A88C524DA}.AppStore|x86.ActiveCfg = Release|Any CPU
		{3C14890E-0DBA-491F-9DCA-666A88C524DA}.AppStore|x86.Build.0 = Release|Any CPU
		{3C14890E-0DBA-491F-9DCA-666A88C524DA}.AppStore|x86.Deploy.0 = Release|Any CPU
		{3C14890E-0DBA-491F-9DCA-666A88C524DA}.Debug|Any CPU.ActiveCfg = Debug|Any CPU
		{3C14890E-0DBA-491F-9DCA-666A88C524DA}.Debug|Any CPU.Build.0 = Debug|Any CPU
		{3C14890E-0DBA-491F-9DCA-666A88C524DA}.Debug|Any CPU.Deploy.0 = Debug|Any CPU
		{3C14890E-0DBA-491F-9DCA-666A88C524DA}.Debug|ARM.ActiveCfg = Debug|Any CPU
		{3C14890E-0DBA-491F-9DCA-666A88C524DA}.Debug|ARM.Build.0 = Debug|Any CPU
		{3C14890E-0DBA-491F-9DCA-666A88C524DA}.Debug|ARM.Deploy.0 = Debug|Any CPU
		{3C14890E-0DBA-491F-9DCA-666A88C524DA}.Debug|iPhone.ActiveCfg = Debug|Any CPU
		{3C14890E-0DBA-491F-9DCA-666A88C524DA}.Debug|iPhone.Build.0 = Debug|Any CPU
		{3C14890E-0DBA-491F-9DCA-666A88C524DA}.Debug|iPhone.Deploy.0 = Debug|Any CPU
		{3C14890E-0DBA-491F-9DCA-666A88C524DA}.Debug|iPhoneSimulator.ActiveCfg = Debug|Any CPU
		{3C14890E-0DBA-491F-9DCA-666A88C524DA}.Debug|iPhoneSimulator.Build.0 = Debug|Any CPU
		{3C14890E-0DBA-491F-9DCA-666A88C524DA}.Debug|iPhoneSimulator.Deploy.0 = Debug|Any CPU
		{3C14890E-0DBA-491F-9DCA-666A88C524DA}.Debug|x64.ActiveCfg = Debug|Any CPU
		{3C14890E-0DBA-491F-9DCA-666A88C524DA}.Debug|x64.Build.0 = Debug|Any CPU
		{3C14890E-0DBA-491F-9DCA-666A88C524DA}.Debug|x64.Deploy.0 = Debug|Any CPU
		{3C14890E-0DBA-491F-9DCA-666A88C524DA}.Debug|x86.ActiveCfg = Debug|Any CPU
		{3C14890E-0DBA-491F-9DCA-666A88C524DA}.Debug|x86.Build.0 = Debug|Any CPU
		{3C14890E-0DBA-491F-9DCA-666A88C524DA}.Debug|x86.Deploy.0 = Debug|Any CPU
		{3C14890E-0DBA-491F-9DCA-666A88C524DA}.Release|Any CPU.ActiveCfg = Release|Any CPU
		{3C14890E-0DBA-491F-9DCA-666A88C524DA}.Release|Any CPU.Build.0 = Release|Any CPU
		{3C14890E-0DBA-491F-9DCA-666A88C524DA}.Release|Any CPU.Deploy.0 = Release|Any CPU
		{3C14890E-0DBA-491F-9DCA-666A88C524DA}.Release|ARM.ActiveCfg = Release|Any CPU
		{3C14890E-0DBA-491F-9DCA-666A88C524DA}.Release|ARM.Build.0 = Release|Any CPU
		{3C14890E-0DBA-491F-9DCA-666A88C524DA}.Release|ARM.Deploy.0 = Release|Any CPU
		{3C14890E-0DBA-491F-9DCA-666A88C524DA}.Release|iPhone.ActiveCfg = Release|Any CPU
		{3C14890E-0DBA-491F-9DCA-666A88C524DA}.Release|iPhone.Build.0 = Release|Any CPU
		{3C14890E-0DBA-491F-9DCA-666A88C524DA}.Release|iPhone.Deploy.0 = Release|Any CPU
		{3C14890E-0DBA-491F-9DCA-666A88C524DA}.Release|iPhoneSimulator.ActiveCfg = Release|Any CPU
		{3C14890E-0DBA-491F-9DCA-666A88C524DA}.Release|iPhoneSimulator.Build.0 = Release|Any CPU
		{3C14890E-0DBA-491F-9DCA-666A88C524DA}.Release|iPhoneSimulator.Deploy.0 = Release|Any CPU
		{3C14890E-0DBA-491F-9DCA-666A88C524DA}.Release|x64.ActiveCfg = Release|Any CPU
		{3C14890E-0DBA-491F-9DCA-666A88C524DA}.Release|x64.Build.0 = Release|Any CPU
		{3C14890E-0DBA-491F-9DCA-666A88C524DA}.Release|x64.Deploy.0 = Release|Any CPU
		{3C14890E-0DBA-491F-9DCA-666A88C524DA}.Release|x86.ActiveCfg = Release|Any CPU
		{3C14890E-0DBA-491F-9DCA-666A88C524DA}.Release|x86.Build.0 = Release|Any CPU
		{3C14890E-0DBA-491F-9DCA-666A88C524DA}.Release|x86.Deploy.0 = Release|Any CPU
		{FCDA1A3D-A705-46A8-BA6A-7E185C772BA1}.Ad-Hoc|Any CPU.ActiveCfg = Ad-Hoc|iPhone
		{FCDA1A3D-A705-46A8-BA6A-7E185C772BA1}.Ad-Hoc|ARM.ActiveCfg = Ad-Hoc|iPhone
		{FCDA1A3D-A705-46A8-BA6A-7E185C772BA1}.Ad-Hoc|iPhone.ActiveCfg = Ad-Hoc|iPhone
		{FCDA1A3D-A705-46A8-BA6A-7E185C772BA1}.Ad-Hoc|iPhone.Build.0 = Ad-Hoc|iPhone
		{FCDA1A3D-A705-46A8-BA6A-7E185C772BA1}.Ad-Hoc|iPhoneSimulator.ActiveCfg = Ad-Hoc|iPhoneSimulator
		{FCDA1A3D-A705-46A8-BA6A-7E185C772BA1}.Ad-Hoc|iPhoneSimulator.Build.0 = Ad-Hoc|iPhoneSimulator
		{FCDA1A3D-A705-46A8-BA6A-7E185C772BA1}.Ad-Hoc|x64.ActiveCfg = Ad-Hoc|iPhone
		{FCDA1A3D-A705-46A8-BA6A-7E185C772BA1}.Ad-Hoc|x86.ActiveCfg = Ad-Hoc|iPhone
		{FCDA1A3D-A705-46A8-BA6A-7E185C772BA1}.AppStore|Any CPU.ActiveCfg = AppStore|iPhone
		{FCDA1A3D-A705-46A8-BA6A-7E185C772BA1}.AppStore|ARM.ActiveCfg = AppStore|iPhone
		{FCDA1A3D-A705-46A8-BA6A-7E185C772BA1}.AppStore|iPhone.ActiveCfg = AppStore|iPhone
		{FCDA1A3D-A705-46A8-BA6A-7E185C772BA1}.AppStore|iPhone.Build.0 = AppStore|iPhone
		{FCDA1A3D-A705-46A8-BA6A-7E185C772BA1}.AppStore|iPhoneSimulator.ActiveCfg = AppStore|iPhoneSimulator
		{FCDA1A3D-A705-46A8-BA6A-7E185C772BA1}.AppStore|iPhoneSimulator.Build.0 = AppStore|iPhoneSimulator
		{FCDA1A3D-A705-46A8-BA6A-7E185C772BA1}.AppStore|x64.ActiveCfg = AppStore|iPhone
		{FCDA1A3D-A705-46A8-BA6A-7E185C772BA1}.AppStore|x86.ActiveCfg = AppStore|iPhone
		{FCDA1A3D-A705-46A8-BA6A-7E185C772BA1}.Debug|Any CPU.ActiveCfg = Debug|iPhone
		{FCDA1A3D-A705-46A8-BA6A-7E185C772BA1}.Debug|ARM.ActiveCfg = Debug|iPhone
		{FCDA1A3D-A705-46A8-BA6A-7E185C772BA1}.Debug|iPhone.ActiveCfg = Debug|iPhone
		{FCDA1A3D-A705-46A8-BA6A-7E185C772BA1}.Debug|iPhone.Build.0 = Debug|iPhone
		{FCDA1A3D-A705-46A8-BA6A-7E185C772BA1}.Debug|iPhoneSimulator.ActiveCfg = Debug|iPhoneSimulator
		{FCDA1A3D-A705-46A8-BA6A-7E185C772BA1}.Debug|iPhoneSimulator.Build.0 = Debug|iPhoneSimulator
		{FCDA1A3D-A705-46A8-BA6A-7E185C772BA1}.Debug|x64.ActiveCfg = Debug|iPhone
		{FCDA1A3D-A705-46A8-BA6A-7E185C772BA1}.Debug|x86.ActiveCfg = Debug|iPhone
		{FCDA1A3D-A705-46A8-BA6A-7E185C772BA1}.Release|Any CPU.ActiveCfg = Release|iPhone
		{FCDA1A3D-A705-46A8-BA6A-7E185C772BA1}.Release|ARM.ActiveCfg = Release|iPhone
		{FCDA1A3D-A705-46A8-BA6A-7E185C772BA1}.Release|iPhone.ActiveCfg = Release|iPhone
		{FCDA1A3D-A705-46A8-BA6A-7E185C772BA1}.Release|iPhone.Build.0 = Release|iPhone
		{FCDA1A3D-A705-46A8-BA6A-7E185C772BA1}.Release|iPhoneSimulator.ActiveCfg = Release|iPhoneSimulator
		{FCDA1A3D-A705-46A8-BA6A-7E185C772BA1}.Release|iPhoneSimulator.Build.0 = Release|iPhoneSimulator
		{FCDA1A3D-A705-46A8-BA6A-7E185C772BA1}.Release|x64.ActiveCfg = Release|iPhone
		{FCDA1A3D-A705-46A8-BA6A-7E185C772BA1}.Release|x86.ActiveCfg = Release|iPhone
		{29776D84-027E-421A-8463-1324D71D4B89}.Ad-Hoc|Any CPU.ActiveCfg = Release|x86
		{29776D84-027E-421A-8463-1324D71D4B89}.Ad-Hoc|Any CPU.Build.0 = Release|x86
		{29776D84-027E-421A-8463-1324D71D4B89}.Ad-Hoc|Any CPU.Deploy.0 = Release|x86
		{29776D84-027E-421A-8463-1324D71D4B89}.Ad-Hoc|ARM.ActiveCfg = Release|ARM
		{29776D84-027E-421A-8463-1324D71D4B89}.Ad-Hoc|ARM.Build.0 = Release|ARM
		{29776D84-027E-421A-8463-1324D71D4B89}.Ad-Hoc|ARM.Deploy.0 = Release|ARM
		{29776D84-027E-421A-8463-1324D71D4B89}.Ad-Hoc|iPhone.ActiveCfg = Release|x86
		{29776D84-027E-421A-8463-1324D71D4B89}.Ad-Hoc|iPhone.Build.0 = Release|x86
		{29776D84-027E-421A-8463-1324D71D4B89}.Ad-Hoc|iPhone.Deploy.0 = Release|x86
		{29776D84-027E-421A-8463-1324D71D4B89}.Ad-Hoc|iPhoneSimulator.ActiveCfg = Release|x86
		{29776D84-027E-421A-8463-1324D71D4B89}.Ad-Hoc|iPhoneSimulator.Build.0 = Release|x86
		{29776D84-027E-421A-8463-1324D71D4B89}.Ad-Hoc|iPhoneSimulator.Deploy.0 = Release|x86
		{29776D84-027E-421A-8463-1324D71D4B89}.Ad-Hoc|x64.ActiveCfg = Release|x64
		{29776D84-027E-421A-8463-1324D71D4B89}.Ad-Hoc|x64.Build.0 = Release|x64
		{29776D84-027E-421A-8463-1324D71D4B89}.Ad-Hoc|x64.Deploy.0 = Release|x64
		{29776D84-027E-421A-8463-1324D71D4B89}.Ad-Hoc|x86.ActiveCfg = Release|x86
		{29776D84-027E-421A-8463-1324D71D4B89}.Ad-Hoc|x86.Build.0 = Release|x86
		{29776D84-027E-421A-8463-1324D71D4B89}.Ad-Hoc|x86.Deploy.0 = Release|x86
		{29776D84-027E-421A-8463-1324D71D4B89}.AppStore|Any CPU.ActiveCfg = Release|x86
		{29776D84-027E-421A-8463-1324D71D4B89}.AppStore|Any CPU.Build.0 = Release|x86
		{29776D84-027E-421A-8463-1324D71D4B89}.AppStore|Any CPU.Deploy.0 = Release|x86
		{29776D84-027E-421A-8463-1324D71D4B89}.AppStore|ARM.ActiveCfg = Release|ARM
		{29776D84-027E-421A-8463-1324D71D4B89}.AppStore|ARM.Build.0 = Release|ARM
		{29776D84-027E-421A-8463-1324D71D4B89}.AppStore|ARM.Deploy.0 = Release|ARM
		{29776D84-027E-421A-8463-1324D71D4B89}.AppStore|iPhone.ActiveCfg = Release|x86
		{29776D84-027E-421A-8463-1324D71D4B89}.AppStore|iPhone.Build.0 = Release|x86
		{29776D84-027E-421A-8463-1324D71D4B89}.AppStore|iPhone.Deploy.0 = Release|x86
		{29776D84-027E-421A-8463-1324D71D4B89}.AppStore|iPhoneSimulator.ActiveCfg = Release|x86
		{29776D84-027E-421A-8463-1324D71D4B89}.AppStore|iPhoneSimulator.Build.0 = Release|x86
		{29776D84-027E-421A-8463-1324D71D4B89}.AppStore|iPhoneSimulator.Deploy.0 = Release|x86
		{29776D84-027E-421A-8463-1324D71D4B89}.AppStore|x64.ActiveCfg = Release|x64
		{29776D84-027E-421A-8463-1324D71D4B89}.AppStore|x64.Build.0 = Release|x64
		{29776D84-027E-421A-8463-1324D71D4B89}.AppStore|x64.Deploy.0 = Release|x64
		{29776D84-027E-421A-8463-1324D71D4B89}.AppStore|x86.ActiveCfg = Release|x86
		{29776D84-027E-421A-8463-1324D71D4B89}.AppStore|x86.Build.0 = Release|x86
		{29776D84-027E-421A-8463-1324D71D4B89}.AppStore|x86.Deploy.0 = Release|x86
		{29776D84-027E-421A-8463-1324D71D4B89}.Debug|Any CPU.ActiveCfg = Debug|x86
		{29776D84-027E-421A-8463-1324D71D4B89}.Debug|ARM.ActiveCfg = Debug|ARM
		{29776D84-027E-421A-8463-1324D71D4B89}.Debug|ARM.Build.0 = Debug|ARM
		{29776D84-027E-421A-8463-1324D71D4B89}.Debug|ARM.Deploy.0 = Debug|ARM
		{29776D84-027E-421A-8463-1324D71D4B89}.Debug|iPhone.ActiveCfg = Debug|x86
		{29776D84-027E-421A-8463-1324D71D4B89}.Debug|iPhoneSimulator.ActiveCfg = Debug|x86
		{29776D84-027E-421A-8463-1324D71D4B89}.Debug|x64.ActiveCfg = Debug|x64
		{29776D84-027E-421A-8463-1324D71D4B89}.Debug|x64.Build.0 = Debug|x64
		{29776D84-027E-421A-8463-1324D71D4B89}.Debug|x64.Deploy.0 = Debug|x64
		{29776D84-027E-421A-8463-1324D71D4B89}.Debug|x86.ActiveCfg = Debug|x86
		{29776D84-027E-421A-8463-1324D71D4B89}.Debug|x86.Build.0 = Debug|x86
		{29776D84-027E-421A-8463-1324D71D4B89}.Debug|x86.Deploy.0 = Debug|x86
		{29776D84-027E-421A-8463-1324D71D4B89}.Release|Any CPU.ActiveCfg = Release|x86
		{29776D84-027E-421A-8463-1324D71D4B89}.Release|ARM.ActiveCfg = Release|ARM
		{29776D84-027E-421A-8463-1324D71D4B89}.Release|ARM.Build.0 = Release|ARM
		{29776D84-027E-421A-8463-1324D71D4B89}.Release|ARM.Deploy.0 = Release|ARM
		{29776D84-027E-421A-8463-1324D71D4B89}.Release|iPhone.ActiveCfg = Release|x86
		{29776D84-027E-421A-8463-1324D71D4B89}.Release|iPhoneSimulator.ActiveCfg = Release|x86
		{29776D84-027E-421A-8463-1324D71D4B89}.Release|x64.ActiveCfg = Release|x64
		{29776D84-027E-421A-8463-1324D71D4B89}.Release|x64.Build.0 = Release|x64
		{29776D84-027E-421A-8463-1324D71D4B89}.Release|x64.Deploy.0 = Release|x64
		{29776D84-027E-421A-8463-1324D71D4B89}.Release|x86.ActiveCfg = Release|x86
		{29776D84-027E-421A-8463-1324D71D4B89}.Release|x86.Build.0 = Release|x86
		{29776D84-027E-421A-8463-1324D71D4B89}.Release|x86.Deploy.0 = Release|x86
	EndGlobalSection
	GlobalSection(SolutionProperties) = preSolution
		HideSolutionNode = FALSE
	EndGlobalSection
EndGlobal
