
Microsoft Visual Studio Solution File, Format Version 12.00
# Visual Studio 15
VisualStudioVersion = 15.0.26430.16
MinimumVisualStudioVersion = 10.0.40219.1
Project("{FAE04EC0-301F-11D3-BF4B-00C04F79EFBC}") = "Horse.Server", "Horse.Server\Horse.Server.csproj", "{6473953C-FB4F-4DF8-A6DD-6E439993E79A}"
EndProject
Project("{D954291E-2A0B-460D-934E-DC6B0785DB48}") = "Horse.Mobile", "Horse.Mobile\Horse.Mobile\Horse.Mobile.shproj", "{C2119DE2-0F95-4ECB-A019-09CDE5791932}"
EndProject
Project("{FAE04EC0-301F-11D3-BF4B-00C04F79EFBC}") = "Horse.Mobile.Android", "Horse.Mobile\Horse.Mobile.Android\Horse.Mobile.Android.csproj", "{DA8017ED-D3B9-4409-A7BD-7C28AEB6749B}"
EndProject
Project("{FAE04EC0-301F-11D3-BF4B-00C04F79EFBC}") = "Horse.Mobile.iOS", "Horse.Mobile\Horse.Mobile.iOS\Horse.Mobile.iOS.csproj", "{295D5B8A-4FF7-49FA-BB91-E31B0F72584C}"
EndProject
Project("{FAE04EC0-301F-11D3-BF4B-00C04F79EFBC}") = "Horse.Mobile.UWP", "Horse.Mobile\Horse.Mobile.UWP\Horse.Mobile.UWP.csproj", "{47F4D0B9-2BFE-4825-B33E-6B55C6E46ADA}"
EndProject
Project("{FAE04EC0-301F-11D3-BF4B-00C04F79EFBC}") = "Horse.Engine.Test", "Horse.Engine.Test\Horse.Engine.Test.csproj", "{3B8E0674-8126-47AF-8901-04F76A23BE6B}"
EndProject
Project("{FAE04EC0-301F-11D3-BF4B-00C04F79EFBC}") = "Horse.Server.Test", "Horse.Server.Test\Horse.Server.Test.csproj", "{A31257F1-898B-4559-B7E3-0C4A35B5D7C6}"
EndProject
Project("{FAE04EC0-301F-11D3-BF4B-00C04F79EFBC}") = "Horse.Mobile.Test", "Horse.Mobile.Test\Horse.Mobile.Test.csproj", "{A16D7D9D-5C55-4598-B72A-91001559CB08}"
EndProject
Project("{FAE04EC0-301F-11D3-BF4B-00C04F79EFBC}") = "Horse.Engine", "Horse.Engine\Horse.Engine.csproj", "{7E7A5F1E-C4B5-4F85-A27E-E174CEC6A12B}"
EndProject
Global
	GlobalSection(SharedMSBuildProjectFiles) = preSolution
		Horse.Mobile\Horse.Mobile\Horse.Mobile.projitems*{295d5b8a-4ff7-49fa-bb91-e31b0f72584c}*SharedItemsImports = 4
		Horse.Mobile\Horse.Mobile\Horse.Mobile.projitems*{47f4d0b9-2bfe-4825-b33e-6b55c6e46ada}*SharedItemsImports = 4
		Horse.Mobile\Horse.Mobile\Horse.Mobile.projitems*{c2119de2-0f95-4ecb-a019-09cde5791932}*SharedItemsImports = 13
		Horse.Mobile\Horse.Mobile\Horse.Mobile.projitems*{da8017ed-d3b9-4409-a7bd-7c28aeb6749b}*SharedItemsImports = 4
	EndGlobalSection
	GlobalSection(SolutionConfigurationPlatforms) = preSolution
		Ad-Hoc|Any CPU = Ad-Hoc|Any CPU
		Ad-Hoc|ARM = Ad-Hoc|ARM
		Ad-Hoc|iPhone = Ad-Hoc|iPhone
		Ad-Hoc|iPhoneSimulator = Ad-Hoc|iPhoneSimulator
		Ad-Hoc|x64 = Ad-Hoc|x64
		Ad-Hoc|x86 = Ad-Hoc|x86
		AppStore|Any CPU = AppStore|Any CPU
		AppStore|ARM = AppStore|ARM
		AppStore|iPhone = AppStore|iPhone
		AppStore|iPhoneSimulator = AppStore|iPhoneSimulator
		AppStore|x64 = AppStore|x64
		AppStore|x86 = AppStore|x86
		Debug|Any CPU = Debug|Any CPU
		Debug|ARM = Debug|ARM
		Debug|iPhone = Debug|iPhone
		Debug|iPhoneSimulator = Debug|iPhoneSimulator
		Debug|x64 = Debug|x64
		Debug|x86 = Debug|x86
		Release|Any CPU = Release|Any CPU
		Release|ARM = Release|ARM
		Release|iPhone = Release|iPhone
		Release|iPhoneSimulator = Release|iPhoneSimulator
		Release|x64 = Release|x64
		Release|x86 = Release|x86
	EndGlobalSection
	GlobalSection(ProjectConfigurationPlatforms) = postSolution
		{6473953C-FB4F-4DF8-A6DD-6E439993E79A}.Ad-Hoc|Any CPU.ActiveCfg = Release|Any CPU
		{6473953C-FB4F-4DF8-A6DD-6E439993E79A}.Ad-Hoc|Any CPU.Build.0 = Release|Any CPU
		{6473953C-FB4F-4DF8-A6DD-6E439993E79A}.Ad-Hoc|ARM.ActiveCfg = Release|Any CPU
		{6473953C-FB4F-4DF8-A6DD-6E439993E79A}.Ad-Hoc|ARM.Build.0 = Release|Any CPU
		{6473953C-FB4F-4DF8-A6DD-6E439993E79A}.Ad-Hoc|iPhone.ActiveCfg = Release|Any CPU
		{6473953C-FB4F-4DF8-A6DD-6E439993E79A}.Ad-Hoc|iPhone.Build.0 = Release|Any CPU
		{6473953C-FB4F-4DF8-A6DD-6E439993E79A}.Ad-Hoc|iPhoneSimulator.ActiveCfg = Release|Any CPU
		{6473953C-FB4F-4DF8-A6DD-6E439993E79A}.Ad-Hoc|iPhoneSimulator.Build.0 = Release|Any CPU
		{6473953C-FB4F-4DF8-A6DD-6E439993E79A}.Ad-Hoc|x64.ActiveCfg = Release|Any CPU
		{6473953C-FB4F-4DF8-A6DD-6E439993E79A}.Ad-Hoc|x64.Build.0 = Release|Any CPU
		{6473953C-FB4F-4DF8-A6DD-6E439993E79A}.Ad-Hoc|x86.ActiveCfg = Release|Any CPU
		{6473953C-FB4F-4DF8-A6DD-6E439993E79A}.Ad-Hoc|x86.Build.0 = Release|Any CPU
		{6473953C-FB4F-4DF8-A6DD-6E439993E79A}.AppStore|Any CPU.ActiveCfg = Release|Any CPU
		{6473953C-FB4F-4DF8-A6DD-6E439993E79A}.AppStore|Any CPU.Build.0 = Release|Any CPU
		{6473953C-FB4F-4DF8-A6DD-6E439993E79A}.AppStore|ARM.ActiveCfg = Release|Any CPU
		{6473953C-FB4F-4DF8-A6DD-6E439993E79A}.AppStore|ARM.Build.0 = Release|Any CPU
		{6473953C-FB4F-4DF8-A6DD-6E439993E79A}.AppStore|iPhone.ActiveCfg = Release|Any CPU
		{6473953C-FB4F-4DF8-A6DD-6E439993E79A}.AppStore|iPhone.Build.0 = Release|Any CPU
		{6473953C-FB4F-4DF8-A6DD-6E439993E79A}.AppStore|iPhoneSimulator.ActiveCfg = Release|Any CPU
		{6473953C-FB4F-4DF8-A6DD-6E439993E79A}.AppStore|iPhoneSimulator.Build.0 = Release|Any CPU
		{6473953C-FB4F-4DF8-A6DD-6E439993E79A}.AppStore|x64.ActiveCfg = Release|Any CPU
		{6473953C-FB4F-4DF8-A6DD-6E439993E79A}.AppStore|x64.Build.0 = Release|Any CPU
		{6473953C-FB4F-4DF8-A6DD-6E439993E79A}.AppStore|x86.ActiveCfg = Release|Any CPU
		{6473953C-FB4F-4DF8-A6DD-6E439993E79A}.AppStore|x86.Build.0 = Release|Any CPU
		{6473953C-FB4F-4DF8-A6DD-6E439993E79A}.Debug|Any CPU.ActiveCfg = Debug|Any CPU
		{6473953C-FB4F-4DF8-A6DD-6E439993E79A}.Debug|Any CPU.Build.0 = Debug|Any CPU
		{6473953C-FB4F-4DF8-A6DD-6E439993E79A}.Debug|ARM.ActiveCfg = Debug|Any CPU
		{6473953C-FB4F-4DF8-A6DD-6E439993E79A}.Debug|ARM.Build.0 = Debug|Any CPU
		{6473953C-FB4F-4DF8-A6DD-6E439993E79A}.Debug|iPhone.ActiveCfg = Debug|Any CPU
		{6473953C-FB4F-4DF8-A6DD-6E439993E79A}.Debug|iPhone.Build.0 = Debug|Any CPU
		{6473953C-FB4F-4DF8-A6DD-6E439993E79A}.Debug|iPhoneSimulator.ActiveCfg = Debug|Any CPU
		{6473953C-FB4F-4DF8-A6DD-6E439993E79A}.Debug|iPhoneSimulator.Build.0 = Debug|Any CPU
		{6473953C-FB4F-4DF8-A6DD-6E439993E79A}.Debug|x64.ActiveCfg = Debug|Any CPU
		{6473953C-FB4F-4DF8-A6DD-6E439993E79A}.Debug|x64.Build.0 = Debug|Any CPU
		{6473953C-FB4F-4DF8-A6DD-6E439993E79A}.Debug|x86.ActiveCfg = Debug|Any CPU
		{6473953C-FB4F-4DF8-A6DD-6E439993E79A}.Debug|x86.Build.0 = Debug|Any CPU
		{6473953C-FB4F-4DF8-A6DD-6E439993E79A}.Release|Any CPU.ActiveCfg = Release|Any CPU
		{6473953C-FB4F-4DF8-A6DD-6E439993E79A}.Release|Any CPU.Build.0 = Release|Any CPU
		{6473953C-FB4F-4DF8-A6DD-6E439993E79A}.Release|ARM.ActiveCfg = Release|Any CPU
		{6473953C-FB4F-4DF8-A6DD-6E439993E79A}.Release|ARM.Build.0 = Release|Any CPU
		{6473953C-FB4F-4DF8-A6DD-6E439993E79A}.Release|iPhone.ActiveCfg = Release|Any CPU
		{6473953C-FB4F-4DF8-A6DD-6E439993E79A}.Release|iPhone.Build.0 = Release|Any CPU
		{6473953C-FB4F-4DF8-A6DD-6E439993E79A}.Release|iPhoneSimulator.ActiveCfg = Release|Any CPU
		{6473953C-FB4F-4DF8-A6DD-6E439993E79A}.Release|iPhoneSimulator.Build.0 = Release|Any CPU
		{6473953C-FB4F-4DF8-A6DD-6E439993E79A}.Release|x64.ActiveCfg = Release|Any CPU
		{6473953C-FB4F-4DF8-A6DD-6E439993E79A}.Release|x64.Build.0 = Release|Any CPU
		{6473953C-FB4F-4DF8-A6DD-6E439993E79A}.Release|x86.ActiveCfg = Release|Any CPU
		{6473953C-FB4F-4DF8-A6DD-6E439993E79A}.Release|x86.Build.0 = Release|Any CPU
		{DA8017ED-D3B9-4409-A7BD-7C28AEB6749B}.Ad-Hoc|Any CPU.ActiveCfg = Release|Any CPU
		{DA8017ED-D3B9-4409-A7BD-7C28AEB6749B}.Ad-Hoc|Any CPU.Build.0 = Release|Any CPU
		{DA8017ED-D3B9-4409-A7BD-7C28AEB6749B}.Ad-Hoc|Any CPU.Deploy.0 = Release|Any CPU
		{DA8017ED-D3B9-4409-A7BD-7C28AEB6749B}.Ad-Hoc|ARM.ActiveCfg = Release|Any CPU
		{DA8017ED-D3B9-4409-A7BD-7C28AEB6749B}.Ad-Hoc|ARM.Build.0 = Release|Any CPU
		{DA8017ED-D3B9-4409-A7BD-7C28AEB6749B}.Ad-Hoc|ARM.Deploy.0 = Release|Any CPU
		{DA8017ED-D3B9-4409-A7BD-7C28AEB6749B}.Ad-Hoc|iPhone.ActiveCfg = Release|Any CPU
		{DA8017ED-D3B9-4409-A7BD-7C28AEB6749B}.Ad-Hoc|iPhone.Build.0 = Release|Any CPU
		{DA8017ED-D3B9-4409-A7BD-7C28AEB6749B}.Ad-Hoc|iPhone.Deploy.0 = Release|Any CPU
		{DA8017ED-D3B9-4409-A7BD-7C28AEB6749B}.Ad-Hoc|iPhoneSimulator.ActiveCfg = Release|Any CPU
		{DA8017ED-D3B9-4409-A7BD-7C28AEB6749B}.Ad-Hoc|iPhoneSimulator.Build.0 = Release|Any CPU
		{DA8017ED-D3B9-4409-A7BD-7C28AEB6749B}.Ad-Hoc|iPhoneSimulator.Deploy.0 = Release|Any CPU
		{DA8017ED-D3B9-4409-A7BD-7C28AEB6749B}.Ad-Hoc|x64.ActiveCfg = Release|Any CPU
		{DA8017ED-D3B9-4409-A7BD-7C28AEB6749B}.Ad-Hoc|x64.Build.0 = Release|Any CPU
		{DA8017ED-D3B9-4409-A7BD-7C28AEB6749B}.Ad-Hoc|x64.Deploy.0 = Release|Any CPU
		{DA8017ED-D3B9-4409-A7BD-7C28AEB6749B}.Ad-Hoc|x86.ActiveCfg = Release|Any CPU
		{DA8017ED-D3B9-4409-A7BD-7C28AEB6749B}.Ad-Hoc|x86.Build.0 = Release|Any CPU
		{DA8017ED-D3B9-4409-A7BD-7C28AEB6749B}.Ad-Hoc|x86.Deploy.0 = Release|Any CPU
		{DA8017ED-D3B9-4409-A7BD-7C28AEB6749B}.AppStore|Any CPU.ActiveCfg = Release|Any CPU
		{DA8017ED-D3B9-4409-A7BD-7C28AEB6749B}.AppStore|Any CPU.Build.0 = Release|Any CPU
		{DA8017ED-D3B9-4409-A7BD-7C28AEB6749B}.AppStore|Any CPU.Deploy.0 = Release|Any CPU
		{DA8017ED-D3B9-4409-A7BD-7C28AEB6749B}.AppStore|ARM.ActiveCfg = Release|Any CPU
		{DA8017ED-D3B9-4409-A7BD-7C28AEB6749B}.AppStore|ARM.Build.0 = Release|Any CPU
		{DA8017ED-D3B9-4409-A7BD-7C28AEB6749B}.AppStore|ARM.Deploy.0 = Release|Any CPU
		{DA8017ED-D3B9-4409-A7BD-7C28AEB6749B}.AppStore|iPhone.ActiveCfg = Release|Any CPU
		{DA8017ED-D3B9-4409-A7BD-7C28AEB6749B}.AppStore|iPhone.Build.0 = Release|Any CPU
		{DA8017ED-D3B9-4409-A7BD-7C28AEB6749B}.AppStore|iPhone.Deploy.0 = Release|Any CPU
		{DA8017ED-D3B9-4409-A7BD-7C28AEB6749B}.AppStore|iPhoneSimulator.ActiveCfg = Release|Any CPU
		{DA8017ED-D3B9-4409-A7BD-7C28AEB6749B}.AppStore|iPhoneSimulator.Build.0 = Release|Any CPU
		{DA8017ED-D3B9-4409-A7BD-7C28AEB6749B}.AppStore|iPhoneSimulator.Deploy.0 = Release|Any CPU
		{DA8017ED-D3B9-4409-A7BD-7C28AEB6749B}.AppStore|x64.ActiveCfg = Release|Any CPU
		{DA8017ED-D3B9-4409-A7BD-7C28AEB6749B}.AppStore|x64.Build.0 = Release|Any CPU
		{DA8017ED-D3B9-4409-A7BD-7C28AEB6749B}.AppStore|x64.Deploy.0 = Release|Any CPU
		{DA8017ED-D3B9-4409-A7BD-7C28AEB6749B}.AppStore|x86.ActiveCfg = Release|Any CPU
		{DA8017ED-D3B9-4409-A7BD-7C28AEB6749B}.AppStore|x86.Build.0 = Release|Any CPU
		{DA8017ED-D3B9-4409-A7BD-7C28AEB6749B}.AppStore|x86.Deploy.0 = Release|Any CPU
		{DA8017ED-D3B9-4409-A7BD-7C28AEB6749B}.Debug|Any CPU.ActiveCfg = Debug|Any CPU
		{DA8017ED-D3B9-4409-A7BD-7C28AEB6749B}.Debug|Any CPU.Build.0 = Debug|Any CPU
		{DA8017ED-D3B9-4409-A7BD-7C28AEB6749B}.Debug|Any CPU.Deploy.0 = Debug|Any CPU
		{DA8017ED-D3B9-4409-A7BD-7C28AEB6749B}.Debug|ARM.ActiveCfg = Debug|Any CPU
		{DA8017ED-D3B9-4409-A7BD-7C28AEB6749B}.Debug|ARM.Build.0 = Debug|Any CPU
		{DA8017ED-D3B9-4409-A7BD-7C28AEB6749B}.Debug|ARM.Deploy.0 = Debug|Any CPU
		{DA8017ED-D3B9-4409-A7BD-7C28AEB6749B}.Debug|iPhone.ActiveCfg = Debug|Any CPU
		{DA8017ED-D3B9-4409-A7BD-7C28AEB6749B}.Debug|iPhone.Build.0 = Debug|Any CPU
		{DA8017ED-D3B9-4409-A7BD-7C28AEB6749B}.Debug|iPhone.Deploy.0 = Debug|Any CPU
		{DA8017ED-D3B9-4409-A7BD-7C28AEB6749B}.Debug|iPhoneSimulator.ActiveCfg = Debug|Any CPU
		{DA8017ED-D3B9-4409-A7BD-7C28AEB6749B}.Debug|iPhoneSimulator.Build.0 = Debug|Any CPU
		{DA8017ED-D3B9-4409-A7BD-7C28AEB6749B}.Debug|iPhoneSimulator.Deploy.0 = Debug|Any CPU
		{DA8017ED-D3B9-4409-A7BD-7C28AEB6749B}.Debug|x64.ActiveCfg = Debug|Any CPU
		{DA8017ED-D3B9-4409-A7BD-7C28AEB6749B}.Debug|x64.Build.0 = Debug|Any CPU
		{DA8017ED-D3B9-4409-A7BD-7C28AEB6749B}.Debug|x64.Deploy.0 = Debug|Any CPU
		{DA8017ED-D3B9-4409-A7BD-7C28AEB6749B}.Debug|x86.ActiveCfg = Debug|Any CPU
		{DA8017ED-D3B9-4409-A7BD-7C28AEB6749B}.Debug|x86.Build.0 = Debug|Any CPU
		{DA8017ED-D3B9-4409-A7BD-7C28AEB6749B}.Debug|x86.Deploy.0 = Debug|Any CPU
		{DA8017ED-D3B9-4409-A7BD-7C28AEB6749B}.Release|Any CPU.ActiveCfg = Release|Any CPU
		{DA8017ED-D3B9-4409-A7BD-7C28AEB6749B}.Release|Any CPU.Build.0 = Release|Any CPU
		{DA8017ED-D3B9-4409-A7BD-7C28AEB6749B}.Release|Any CPU.Deploy.0 = Release|Any CPU
		{DA8017ED-D3B9-4409-A7BD-7C28AEB6749B}.Release|ARM.ActiveCfg = Release|Any CPU
		{DA8017ED-D3B9-4409-A7BD-7C28AEB6749B}.Release|ARM.Build.0 = Release|Any CPU
		{DA8017ED-D3B9-4409-A7BD-7C28AEB6749B}.Release|ARM.Deploy.0 = Release|Any CPU
		{DA8017ED-D3B9-4409-A7BD-7C28AEB6749B}.Release|iPhone.ActiveCfg = Release|Any CPU
		{DA8017ED-D3B9-4409-A7BD-7C28AEB6749B}.Release|iPhone.Build.0 = Release|Any CPU
		{DA8017ED-D3B9-4409-A7BD-7C28AEB6749B}.Release|iPhone.Deploy.0 = Release|Any CPU
		{DA8017ED-D3B9-4409-A7BD-7C28AEB6749B}.Release|iPhoneSimulator.ActiveCfg = Release|Any CPU
		{DA8017ED-D3B9-4409-A7BD-7C28AEB6749B}.Release|iPhoneSimulator.Build.0 = Release|Any CPU
		{DA8017ED-D3B9-4409-A7BD-7C28AEB6749B}.Release|iPhoneSimulator.Deploy.0 = Release|Any CPU
		{DA8017ED-D3B9-4409-A7BD-7C28AEB6749B}.Release|x64.ActiveCfg = Release|Any CPU
		{DA8017ED-D3B9-4409-A7BD-7C28AEB6749B}.Release|x64.Build.0 = Release|Any CPU
		{DA8017ED-D3B9-4409-A7BD-7C28AEB6749B}.Release|x64.Deploy.0 = Release|Any CPU
		{DA8017ED-D3B9-4409-A7BD-7C28AEB6749B}.Release|x86.ActiveCfg = Release|Any CPU
		{DA8017ED-D3B9-4409-A7BD-7C28AEB6749B}.Release|x86.Build.0 = Release|Any CPU
		{DA8017ED-D3B9-4409-A7BD-7C28AEB6749B}.Release|x86.Deploy.0 = Release|Any CPU
		{295D5B8A-4FF7-49FA-BB91-E31B0F72584C}.Ad-Hoc|Any CPU.ActiveCfg = Ad-Hoc|iPhone
		{295D5B8A-4FF7-49FA-BB91-E31B0F72584C}.Ad-Hoc|ARM.ActiveCfg = Ad-Hoc|iPhone
		{295D5B8A-4FF7-49FA-BB91-E31B0F72584C}.Ad-Hoc|iPhone.ActiveCfg = Ad-Hoc|iPhone
		{295D5B8A-4FF7-49FA-BB91-E31B0F72584C}.Ad-Hoc|iPhone.Build.0 = Ad-Hoc|iPhone
		{295D5B8A-4FF7-49FA-BB91-E31B0F72584C}.Ad-Hoc|iPhoneSimulator.ActiveCfg = Ad-Hoc|iPhoneSimulator
		{295D5B8A-4FF7-49FA-BB91-E31B0F72584C}.Ad-Hoc|iPhoneSimulator.Build.0 = Ad-Hoc|iPhoneSimulator
		{295D5B8A-4FF7-49FA-BB91-E31B0F72584C}.Ad-Hoc|x64.ActiveCfg = Ad-Hoc|iPhone
		{295D5B8A-4FF7-49FA-BB91-E31B0F72584C}.Ad-Hoc|x86.ActiveCfg = Ad-Hoc|iPhone
		{295D5B8A-4FF7-49FA-BB91-E31B0F72584C}.AppStore|Any CPU.ActiveCfg = AppStore|iPhone
		{295D5B8A-4FF7-49FA-BB91-E31B0F72584C}.AppStore|ARM.ActiveCfg = AppStore|iPhone
		{295D5B8A-4FF7-49FA-BB91-E31B0F72584C}.AppStore|iPhone.ActiveCfg = AppStore|iPhone
		{295D5B8A-4FF7-49FA-BB91-E31B0F72584C}.AppStore|iPhone.Build.0 = AppStore|iPhone
		{295D5B8A-4FF7-49FA-BB91-E31B0F72584C}.AppStore|iPhoneSimulator.ActiveCfg = AppStore|iPhoneSimulator
		{295D5B8A-4FF7-49FA-BB91-E31B0F72584C}.AppStore|iPhoneSimulator.Build.0 = AppStore|iPhoneSimulator
		{295D5B8A-4FF7-49FA-BB91-E31B0F72584C}.AppStore|x64.ActiveCfg = AppStore|iPhone
		{295D5B8A-4FF7-49FA-BB91-E31B0F72584C}.AppStore|x86.ActiveCfg = AppStore|iPhone
		{295D5B8A-4FF7-49FA-BB91-E31B0F72584C}.Debug|Any CPU.ActiveCfg = Debug|iPhone
		{295D5B8A-4FF7-49FA-BB91-E31B0F72584C}.Debug|ARM.ActiveCfg = Debug|iPhone
		{295D5B8A-4FF7-49FA-BB91-E31B0F72584C}.Debug|iPhone.ActiveCfg = Debug|iPhone
		{295D5B8A-4FF7-49FA-BB91-E31B0F72584C}.Debug|iPhone.Build.0 = Debug|iPhone
		{295D5B8A-4FF7-49FA-BB91-E31B0F72584C}.Debug|iPhoneSimulator.ActiveCfg = Debug|iPhoneSimulator
		{295D5B8A-4FF7-49FA-BB91-E31B0F72584C}.Debug|iPhoneSimulator.Build.0 = Debug|iPhoneSimulator
		{295D5B8A-4FF7-49FA-BB91-E31B0F72584C}.Debug|x64.ActiveCfg = Debug|iPhone
		{295D5B8A-4FF7-49FA-BB91-E31B0F72584C}.Debug|x86.ActiveCfg = Debug|iPhone
		{295D5B8A-4FF7-49FA-BB91-E31B0F72584C}.Release|Any CPU.ActiveCfg = Release|iPhone
		{295D5B8A-4FF7-49FA-BB91-E31B0F72584C}.Release|ARM.ActiveCfg = Release|iPhone
		{295D5B8A-4FF7-49FA-BB91-E31B0F72584C}.Release|iPhone.ActiveCfg = Release|iPhone
		{295D5B8A-4FF7-49FA-BB91-E31B0F72584C}.Release|iPhone.Build.0 = Release|iPhone
		{295D5B8A-4FF7-49FA-BB91-E31B0F72584C}.Release|iPhoneSimulator.ActiveCfg = Release|iPhoneSimulator
		{295D5B8A-4FF7-49FA-BB91-E31B0F72584C}.Release|iPhoneSimulator.Build.0 = Release|iPhoneSimulator
		{295D5B8A-4FF7-49FA-BB91-E31B0F72584C}.Release|x64.ActiveCfg = Release|iPhone
		{295D5B8A-4FF7-49FA-BB91-E31B0F72584C}.Release|x86.ActiveCfg = Release|iPhone
		{47F4D0B9-2BFE-4825-B33E-6B55C6E46ADA}.Ad-Hoc|Any CPU.ActiveCfg = Release|x86
		{47F4D0B9-2BFE-4825-B33E-6B55C6E46ADA}.Ad-Hoc|Any CPU.Build.0 = Release|x86
		{47F4D0B9-2BFE-4825-B33E-6B55C6E46ADA}.Ad-Hoc|Any CPU.Deploy.0 = Release|x86
		{47F4D0B9-2BFE-4825-B33E-6B55C6E46ADA}.Ad-Hoc|ARM.ActiveCfg = Release|ARM
		{47F4D0B9-2BFE-4825-B33E-6B55C6E46ADA}.Ad-Hoc|ARM.Build.0 = Release|ARM
		{47F4D0B9-2BFE-4825-B33E-6B55C6E46ADA}.Ad-Hoc|ARM.Deploy.0 = Release|ARM
		{47F4D0B9-2BFE-4825-B33E-6B55C6E46ADA}.Ad-Hoc|iPhone.ActiveCfg = Release|x86
		{47F4D0B9-2BFE-4825-B33E-6B55C6E46ADA}.Ad-Hoc|iPhone.Build.0 = Release|x86
		{47F4D0B9-2BFE-4825-B33E-6B55C6E46ADA}.Ad-Hoc|iPhone.Deploy.0 = Release|x86
		{47F4D0B9-2BFE-4825-B33E-6B55C6E46ADA}.Ad-Hoc|iPhoneSimulator.ActiveCfg = Release|x86
		{47F4D0B9-2BFE-4825-B33E-6B55C6E46ADA}.Ad-Hoc|iPhoneSimulator.Build.0 = Release|x86
		{47F4D0B9-2BFE-4825-B33E-6B55C6E46ADA}.Ad-Hoc|iPhoneSimulator.Deploy.0 = Release|x86
		{47F4D0B9-2BFE-4825-B33E-6B55C6E46ADA}.Ad-Hoc|x64.ActiveCfg = Release|x64
		{47F4D0B9-2BFE-4825-B33E-6B55C6E46ADA}.Ad-Hoc|x64.Build.0 = Release|x64
		{47F4D0B9-2BFE-4825-B33E-6B55C6E46ADA}.Ad-Hoc|x64.Deploy.0 = Release|x64
		{47F4D0B9-2BFE-4825-B33E-6B55C6E46ADA}.Ad-Hoc|x86.ActiveCfg = Release|x86
		{47F4D0B9-2BFE-4825-B33E-6B55C6E46ADA}.Ad-Hoc|x86.Build.0 = Release|x86
		{47F4D0B9-2BFE-4825-B33E-6B55C6E46ADA}.Ad-Hoc|x86.Deploy.0 = Release|x86
		{47F4D0B9-2BFE-4825-B33E-6B55C6E46ADA}.AppStore|Any CPU.ActiveCfg = Release|x86
		{47F4D0B9-2BFE-4825-B33E-6B55C6E46ADA}.AppStore|Any CPU.Build.0 = Release|x86
		{47F4D0B9-2BFE-4825-B33E-6B55C6E46ADA}.AppStore|Any CPU.Deploy.0 = Release|x86
		{47F4D0B9-2BFE-4825-B33E-6B55C6E46ADA}.AppStore|ARM.ActiveCfg = Release|ARM
		{47F4D0B9-2BFE-4825-B33E-6B55C6E46ADA}.AppStore|ARM.Build.0 = Release|ARM
		{47F4D0B9-2BFE-4825-B33E-6B55C6E46ADA}.AppStore|ARM.Deploy.0 = Release|ARM
		{47F4D0B9-2BFE-4825-B33E-6B55C6E46ADA}.AppStore|iPhone.ActiveCfg = Release|x86
		{47F4D0B9-2BFE-4825-B33E-6B55C6E46ADA}.AppStore|iPhone.Build.0 = Release|x86
		{47F4D0B9-2BFE-4825-B33E-6B55C6E46ADA}.AppStore|iPhone.Deploy.0 = Release|x86
		{47F4D0B9-2BFE-4825-B33E-6B55C6E46ADA}.AppStore|iPhoneSimulator.ActiveCfg = Release|x86
		{47F4D0B9-2BFE-4825-B33E-6B55C6E46ADA}.AppStore|iPhoneSimulator.Build.0 = Release|x86
		{47F4D0B9-2BFE-4825-B33E-6B55C6E46ADA}.AppStore|iPhoneSimulator.Deploy.0 = Release|x86
		{47F4D0B9-2BFE-4825-B33E-6B55C6E46ADA}.AppStore|x64.ActiveCfg = Release|x64
		{47F4D0B9-2BFE-4825-B33E-6B55C6E46ADA}.AppStore|x64.Build.0 = Release|x64
		{47F4D0B9-2BFE-4825-B33E-6B55C6E46ADA}.AppStore|x64.Deploy.0 = Release|x64
		{47F4D0B9-2BFE-4825-B33E-6B55C6E46ADA}.AppStore|x86.ActiveCfg = Release|x86
		{47F4D0B9-2BFE-4825-B33E-6B55C6E46ADA}.AppStore|x86.Build.0 = Release|x86
		{47F4D0B9-2BFE-4825-B33E-6B55C6E46ADA}.AppStore|x86.Deploy.0 = Release|x86
		{47F4D0B9-2BFE-4825-B33E-6B55C6E46ADA}.Debug|Any CPU.ActiveCfg = Debug|x86
		{47F4D0B9-2BFE-4825-B33E-6B55C6E46ADA}.Debug|ARM.ActiveCfg = Debug|ARM
		{47F4D0B9-2BFE-4825-B33E-6B55C6E46ADA}.Debug|ARM.Build.0 = Debug|ARM
		{47F4D0B9-2BFE-4825-B33E-6B55C6E46ADA}.Debug|ARM.Deploy.0 = Debug|ARM
		{47F4D0B9-2BFE-4825-B33E-6B55C6E46ADA}.Debug|iPhone.ActiveCfg = Debug|x86
		{47F4D0B9-2BFE-4825-B33E-6B55C6E46ADA}.Debug|iPhoneSimulator.ActiveCfg = Debug|x86
		{47F4D0B9-2BFE-4825-B33E-6B55C6E46ADA}.Debug|x64.ActiveCfg = Debug|x64
		{47F4D0B9-2BFE-4825-B33E-6B55C6E46ADA}.Debug|x64.Build.0 = Debug|x64
		{47F4D0B9-2BFE-4825-B33E-6B55C6E46ADA}.Debug|x64.Deploy.0 = Debug|x64
		{47F4D0B9-2BFE-4825-B33E-6B55C6E46ADA}.Debug|x86.ActiveCfg = Debug|x86
		{47F4D0B9-2BFE-4825-B33E-6B55C6E46ADA}.Debug|x86.Build.0 = Debug|x86
		{47F4D0B9-2BFE-4825-B33E-6B55C6E46ADA}.Debug|x86.Deploy.0 = Debug|x86
		{47F4D0B9-2BFE-4825-B33E-6B55C6E46ADA}.Release|Any CPU.ActiveCfg = Release|x86
		{47F4D0B9-2BFE-4825-B33E-6B55C6E46ADA}.Release|ARM.ActiveCfg = Release|ARM
		{47F4D0B9-2BFE-4825-B33E-6B55C6E46ADA}.Release|ARM.Build.0 = Release|ARM
		{47F4D0B9-2BFE-4825-B33E-6B55C6E46ADA}.Release|ARM.Deploy.0 = Release|ARM
		{47F4D0B9-2BFE-4825-B33E-6B55C6E46ADA}.Release|iPhone.ActiveCfg = Release|x86
		{47F4D0B9-2BFE-4825-B33E-6B55C6E46ADA}.Release|iPhoneSimulator.ActiveCfg = Release|x86
		{47F4D0B9-2BFE-4825-B33E-6B55C6E46ADA}.Release|x64.ActiveCfg = Release|x64
		{47F4D0B9-2BFE-4825-B33E-6B55C6E46ADA}.Release|x64.Build.0 = Release|x64
		{47F4D0B9-2BFE-4825-B33E-6B55C6E46ADA}.Release|x64.Deploy.0 = Release|x64
		{47F4D0B9-2BFE-4825-B33E-6B55C6E46ADA}.Release|x86.ActiveCfg = Release|x86
		{47F4D0B9-2BFE-4825-B33E-6B55C6E46ADA}.Release|x86.Build.0 = Release|x86
		{47F4D0B9-2BFE-4825-B33E-6B55C6E46ADA}.Release|x86.Deploy.0 = Release|x86
		{3B8E0674-8126-47AF-8901-04F76A23BE6B}.Ad-Hoc|Any CPU.ActiveCfg = Release|Any CPU
		{3B8E0674-8126-47AF-8901-04F76A23BE6B}.Ad-Hoc|Any CPU.Build.0 = Release|Any CPU
		{3B8E0674-8126-47AF-8901-04F76A23BE6B}.Ad-Hoc|ARM.ActiveCfg = Release|Any CPU
		{3B8E0674-8126-47AF-8901-04F76A23BE6B}.Ad-Hoc|ARM.Build.0 = Release|Any CPU
		{3B8E0674-8126-47AF-8901-04F76A23BE6B}.Ad-Hoc|iPhone.ActiveCfg = Release|Any CPU
		{3B8E0674-8126-47AF-8901-04F76A23BE6B}.Ad-Hoc|iPhone.Build.0 = Release|Any CPU
		{3B8E0674-8126-47AF-8901-04F76A23BE6B}.Ad-Hoc|iPhoneSimulator.ActiveCfg = Release|Any CPU
		{3B8E0674-8126-47AF-8901-04F76A23BE6B}.Ad-Hoc|iPhoneSimulator.Build.0 = Release|Any CPU
		{3B8E0674-8126-47AF-8901-04F76A23BE6B}.Ad-Hoc|x64.ActiveCfg = Release|Any CPU
		{3B8E0674-8126-47AF-8901-04F76A23BE6B}.Ad-Hoc|x64.Build.0 = Release|Any CPU
		{3B8E0674-8126-47AF-8901-04F76A23BE6B}.Ad-Hoc|x86.ActiveCfg = Release|Any CPU
		{3B8E0674-8126-47AF-8901-04F76A23BE6B}.Ad-Hoc|x86.Build.0 = Release|Any CPU
		{3B8E0674-8126-47AF-8901-04F76A23BE6B}.AppStore|Any CPU.ActiveCfg = Release|Any CPU
		{3B8E0674-8126-47AF-8901-04F76A23BE6B}.AppStore|Any CPU.Build.0 = Release|Any CPU
		{3B8E0674-8126-47AF-8901-04F76A23BE6B}.AppStore|ARM.ActiveCfg = Release|Any CPU
		{3B8E0674-8126-47AF-8901-04F76A23BE6B}.AppStore|ARM.Build.0 = Release|Any CPU
		{3B8E0674-8126-47AF-8901-04F76A23BE6B}.AppStore|iPhone.ActiveCfg = Release|Any CPU
		{3B8E0674-8126-47AF-8901-04F76A23BE6B}.AppStore|iPhone.Build.0 = Release|Any CPU
		{3B8E0674-8126-47AF-8901-04F76A23BE6B}.AppStore|iPhoneSimulator.ActiveCfg = Release|Any CPU
		{3B8E0674-8126-47AF-8901-04F76A23BE6B}.AppStore|iPhoneSimulator.Build.0 = Release|Any CPU
		{3B8E0674-8126-47AF-8901-04F76A23BE6B}.AppStore|x64.ActiveCfg = Release|Any CPU
		{3B8E0674-8126-47AF-8901-04F76A23BE6B}.AppStore|x64.Build.0 = Release|Any CPU
		{3B8E0674-8126-47AF-8901-04F76A23BE6B}.AppStore|x86.ActiveCfg = Release|Any CPU
		{3B8E0674-8126-47AF-8901-04F76A23BE6B}.AppStore|x86.Build.0 = Release|Any CPU
		{3B8E0674-8126-47AF-8901-04F76A23BE6B}.Debug|Any CPU.ActiveCfg = Debug|Any CPU
		{3B8E0674-8126-47AF-8901-04F76A23BE6B}.Debug|Any CPU.Build.0 = Debug|Any CPU
		{3B8E0674-8126-47AF-8901-04F76A23BE6B}.Debug|ARM.ActiveCfg = Debug|Any CPU
		{3B8E0674-8126-47AF-8901-04F76A23BE6B}.Debug|ARM.Build.0 = Debug|Any CPU
		{3B8E0674-8126-47AF-8901-04F76A23BE6B}.Debug|iPhone.ActiveCfg = Debug|Any CPU
		{3B8E0674-8126-47AF-8901-04F76A23BE6B}.Debug|iPhone.Build.0 = Debug|Any CPU
		{3B8E0674-8126-47AF-8901-04F76A23BE6B}.Debug|iPhoneSimulator.ActiveCfg = Debug|Any CPU
		{3B8E0674-8126-47AF-8901-04F76A23BE6B}.Debug|iPhoneSimulator.Build.0 = Debug|Any CPU
		{3B8E0674-8126-47AF-8901-04F76A23BE6B}.Debug|x64.ActiveCfg = Debug|Any CPU
		{3B8E0674-8126-47AF-8901-04F76A23BE6B}.Debug|x64.Build.0 = Debug|Any CPU
		{3B8E0674-8126-47AF-8901-04F76A23BE6B}.Debug|x86.ActiveCfg = Debug|Any CPU
		{3B8E0674-8126-47AF-8901-04F76A23BE6B}.Debug|x86.Build.0 = Debug|Any CPU
		{3B8E0674-8126-47AF-8901-04F76A23BE6B}.Release|Any CPU.ActiveCfg = Release|Any CPU
		{3B8E0674-8126-47AF-8901-04F76A23BE6B}.Release|Any CPU.Build.0 = Release|Any CPU
		{3B8E0674-8126-47AF-8901-04F76A23BE6B}.Release|ARM.ActiveCfg = Release|Any CPU
		{3B8E0674-8126-47AF-8901-04F76A23BE6B}.Release|ARM.Build.0 = Release|Any CPU
		{3B8E0674-8126-47AF-8901-04F76A23BE6B}.Release|iPhone.ActiveCfg = Release|Any CPU
		{3B8E0674-8126-47AF-8901-04F76A23BE6B}.Release|iPhone.Build.0 = Release|Any CPU
		{3B8E0674-8126-47AF-8901-04F76A23BE6B}.Release|iPhoneSimulator.ActiveCfg = Release|Any CPU
		{3B8E0674-8126-47AF-8901-04F76A23BE6B}.Release|iPhoneSimulator.Build.0 = Release|Any CPU
		{3B8E0674-8126-47AF-8901-04F76A23BE6B}.Release|x64.ActiveCfg = Release|Any CPU
		{3B8E0674-8126-47AF-8901-04F76A23BE6B}.Release|x64.Build.0 = Release|Any CPU
		{3B8E0674-8126-47AF-8901-04F76A23BE6B}.Release|x86.ActiveCfg = Release|Any CPU
		{3B8E0674-8126-47AF-8901-04F76A23BE6B}.Release|x86.Build.0 = Release|Any CPU
		{A31257F1-898B-4559-B7E3-0C4A35B5D7C6}.Ad-Hoc|Any CPU.ActiveCfg = Release|Any CPU
		{A31257F1-898B-4559-B7E3-0C4A35B5D7C6}.Ad-Hoc|Any CPU.Build.0 = Release|Any CPU
		{A31257F1-898B-4559-B7E3-0C4A35B5D7C6}.Ad-Hoc|ARM.ActiveCfg = Release|Any CPU
		{A31257F1-898B-4559-B7E3-0C4A35B5D7C6}.Ad-Hoc|ARM.Build.0 = Release|Any CPU
		{A31257F1-898B-4559-B7E3-0C4A35B5D7C6}.Ad-Hoc|iPhone.ActiveCfg = Release|Any CPU
		{A31257F1-898B-4559-B7E3-0C4A35B5D7C6}.Ad-Hoc|iPhone.Build.0 = Release|Any CPU
		{A31257F1-898B-4559-B7E3-0C4A35B5D7C6}.Ad-Hoc|iPhoneSimulator.ActiveCfg = Release|Any CPU
		{A31257F1-898B-4559-B7E3-0C4A35B5D7C6}.Ad-Hoc|iPhoneSimulator.Build.0 = Release|Any CPU
		{A31257F1-898B-4559-B7E3-0C4A35B5D7C6}.Ad-Hoc|x64.ActiveCfg = Release|Any CPU
		{A31257F1-898B-4559-B7E3-0C4A35B5D7C6}.Ad-Hoc|x64.Build.0 = Release|Any CPU
		{A31257F1-898B-4559-B7E3-0C4A35B5D7C6}.Ad-Hoc|x86.ActiveCfg = Release|Any CPU
		{A31257F1-898B-4559-B7E3-0C4A35B5D7C6}.Ad-Hoc|x86.Build.0 = Release|Any CPU
		{A31257F1-898B-4559-B7E3-0C4A35B5D7C6}.AppStore|Any CPU.ActiveCfg = Release|Any CPU
		{A31257F1-898B-4559-B7E3-0C4A35B5D7C6}.AppStore|Any CPU.Build.0 = Release|Any CPU
		{A31257F1-898B-4559-B7E3-0C4A35B5D7C6}.AppStore|ARM.ActiveCfg = Release|Any CPU
		{A31257F1-898B-4559-B7E3-0C4A35B5D7C6}.AppStore|ARM.Build.0 = Release|Any CPU
		{A31257F1-898B-4559-B7E3-0C4A35B5D7C6}.AppStore|iPhone.ActiveCfg = Release|Any CPU
		{A31257F1-898B-4559-B7E3-0C4A35B5D7C6}.AppStore|iPhone.Build.0 = Release|Any CPU
		{A31257F1-898B-4559-B7E3-0C4A35B5D7C6}.AppStore|iPhoneSimulator.ActiveCfg = Release|Any CPU
		{A31257F1-898B-4559-B7E3-0C4A35B5D7C6}.AppStore|iPhoneSimulator.Build.0 = Release|Any CPU
		{A31257F1-898B-4559-B7E3-0C4A35B5D7C6}.AppStore|x64.ActiveCfg = Release|Any CPU
		{A31257F1-898B-4559-B7E3-0C4A35B5D7C6}.AppStore|x64.Build.0 = Release|Any CPU
		{A31257F1-898B-4559-B7E3-0C4A35B5D7C6}.AppStore|x86.ActiveCfg = Release|Any CPU
		{A31257F1-898B-4559-B7E3-0C4A35B5D7C6}.AppStore|x86.Build.0 = Release|Any CPU
		{A31257F1-898B-4559-B7E3-0C4A35B5D7C6}.Debug|Any CPU.ActiveCfg = Debug|Any CPU
		{A31257F1-898B-4559-B7E3-0C4A35B5D7C6}.Debug|Any CPU.Build.0 = Debug|Any CPU
		{A31257F1-898B-4559-B7E3-0C4A35B5D7C6}.Debug|ARM.ActiveCfg = Debug|Any CPU
		{A31257F1-898B-4559-B7E3-0C4A35B5D7C6}.Debug|ARM.Build.0 = Debug|Any CPU
		{A31257F1-898B-4559-B7E3-0C4A35B5D7C6}.Debug|iPhone.ActiveCfg = Debug|Any CPU
		{A31257F1-898B-4559-B7E3-0C4A35B5D7C6}.Debug|iPhone.Build.0 = Debug|Any CPU
		{A31257F1-898B-4559-B7E3-0C4A35B5D7C6}.Debug|iPhoneSimulator.ActiveCfg = Debug|Any CPU
		{A31257F1-898B-4559-B7E3-0C4A35B5D7C6}.Debug|iPhoneSimulator.Build.0 = Debug|Any CPU
		{A31257F1-898B-4559-B7E3-0C4A35B5D7C6}.Debug|x64.ActiveCfg = Debug|Any CPU
		{A31257F1-898B-4559-B7E3-0C4A35B5D7C6}.Debug|x64.Build.0 = Debug|Any CPU
		{A31257F1-898B-4559-B7E3-0C4A35B5D7C6}.Debug|x86.ActiveCfg = Debug|Any CPU
		{A31257F1-898B-4559-B7E3-0C4A35B5D7C6}.Debug|x86.Build.0 = Debug|Any CPU
		{A31257F1-898B-4559-B7E3-0C4A35B5D7C6}.Release|Any CPU.ActiveCfg = Release|Any CPU
		{A31257F1-898B-4559-B7E3-0C4A35B5D7C6}.Release|Any CPU.Build.0 = Release|Any CPU
		{A31257F1-898B-4559-B7E3-0C4A35B5D7C6}.Release|ARM.ActiveCfg = Release|Any CPU
		{A31257F1-898B-4559-B7E3-0C4A35B5D7C6}.Release|ARM.Build.0 = Release|Any CPU
		{A31257F1-898B-4559-B7E3-0C4A35B5D7C6}.Release|iPhone.ActiveCfg = Release|Any CPU
		{A31257F1-898B-4559-B7E3-0C4A35B5D7C6}.Release|iPhone.Build.0 = Release|Any CPU
		{A31257F1-898B-4559-B7E3-0C4A35B5D7C6}.Release|iPhoneSimulator.ActiveCfg = Release|Any CPU
		{A31257F1-898B-4559-B7E3-0C4A35B5D7C6}.Release|iPhoneSimulator.Build.0 = Release|Any CPU
		{A31257F1-898B-4559-B7E3-0C4A35B5D7C6}.Release|x64.ActiveCfg = Release|Any CPU
		{A31257F1-898B-4559-B7E3-0C4A35B5D7C6}.Release|x64.Build.0 = Release|Any CPU
		{A31257F1-898B-4559-B7E3-0C4A35B5D7C6}.Release|x86.ActiveCfg = Release|Any CPU
		{A31257F1-898B-4559-B7E3-0C4A35B5D7C6}.Release|x86.Build.0 = Release|Any CPU
		{A16D7D9D-5C55-4598-B72A-91001559CB08}.Ad-Hoc|Any CPU.ActiveCfg = Release|Any CPU
		{A16D7D9D-5C55-4598-B72A-91001559CB08}.Ad-Hoc|Any CPU.Build.0 = Release|Any CPU
		{A16D7D9D-5C55-4598-B72A-91001559CB08}.Ad-Hoc|ARM.ActiveCfg = Release|Any CPU
		{A16D7D9D-5C55-4598-B72A-91001559CB08}.Ad-Hoc|ARM.Build.0 = Release|Any CPU
		{A16D7D9D-5C55-4598-B72A-91001559CB08}.Ad-Hoc|iPhone.ActiveCfg = Release|Any CPU
		{A16D7D9D-5C55-4598-B72A-91001559CB08}.Ad-Hoc|iPhone.Build.0 = Release|Any CPU
		{A16D7D9D-5C55-4598-B72A-91001559CB08}.Ad-Hoc|iPhoneSimulator.ActiveCfg = Release|Any CPU
		{A16D7D9D-5C55-4598-B72A-91001559CB08}.Ad-Hoc|iPhoneSimulator.Build.0 = Release|Any CPU
		{A16D7D9D-5C55-4598-B72A-91001559CB08}.Ad-Hoc|x64.ActiveCfg = Release|Any CPU
		{A16D7D9D-5C55-4598-B72A-91001559CB08}.Ad-Hoc|x64.Build.0 = Release|Any CPU
		{A16D7D9D-5C55-4598-B72A-91001559CB08}.Ad-Hoc|x86.ActiveCfg = Release|Any CPU
		{A16D7D9D-5C55-4598-B72A-91001559CB08}.Ad-Hoc|x86.Build.0 = Release|Any CPU
		{A16D7D9D-5C55-4598-B72A-91001559CB08}.AppStore|Any CPU.ActiveCfg = Release|Any CPU
		{A16D7D9D-5C55-4598-B72A-91001559CB08}.AppStore|Any CPU.Build.0 = Release|Any CPU
		{A16D7D9D-5C55-4598-B72A-91001559CB08}.AppStore|ARM.ActiveCfg = Release|Any CPU
		{A16D7D9D-5C55-4598-B72A-91001559CB08}.AppStore|ARM.Build.0 = Release|Any CPU
		{A16D7D9D-5C55-4598-B72A-91001559CB08}.AppStore|iPhone.ActiveCfg = Release|Any CPU
		{A16D7D9D-5C55-4598-B72A-91001559CB08}.AppStore|iPhone.Build.0 = Release|Any CPU
		{A16D7D9D-5C55-4598-B72A-91001559CB08}.AppStore|iPhoneSimulator.ActiveCfg = Release|Any CPU
		{A16D7D9D-5C55-4598-B72A-91001559CB08}.AppStore|iPhoneSimulator.Build.0 = Release|Any CPU
		{A16D7D9D-5C55-4598-B72A-91001559CB08}.AppStore|x64.ActiveCfg = Release|Any CPU
		{A16D7D9D-5C55-4598-B72A-91001559CB08}.AppStore|x64.Build.0 = Release|Any CPU
		{A16D7D9D-5C55-4598-B72A-91001559CB08}.AppStore|x86.ActiveCfg = Release|Any CPU
		{A16D7D9D-5C55-4598-B72A-91001559CB08}.AppStore|x86.Build.0 = Release|Any CPU
		{A16D7D9D-5C55-4598-B72A-91001559CB08}.Debug|Any CPU.ActiveCfg = Debug|Any CPU
		{A16D7D9D-5C55-4598-B72A-91001559CB08}.Debug|Any CPU.Build.0 = Debug|Any CPU
		{A16D7D9D-5C55-4598-B72A-91001559CB08}.Debug|ARM.ActiveCfg = Debug|Any CPU
		{A16D7D9D-5C55-4598-B72A-91001559CB08}.Debug|ARM.Build.0 = Debug|Any CPU
		{A16D7D9D-5C55-4598-B72A-91001559CB08}.Debug|iPhone.ActiveCfg = Debug|Any CPU
		{A16D7D9D-5C55-4598-B72A-91001559CB08}.Debug|iPhone.Build.0 = Debug|Any CPU
		{A16D7D9D-5C55-4598-B72A-91001559CB08}.Debug|iPhoneSimulator.ActiveCfg = Debug|Any CPU
		{A16D7D9D-5C55-4598-B72A-91001559CB08}.Debug|iPhoneSimulator.Build.0 = Debug|Any CPU
		{A16D7D9D-5C55-4598-B72A-91001559CB08}.Debug|x64.ActiveCfg = Debug|Any CPU
		{A16D7D9D-5C55-4598-B72A-91001559CB08}.Debug|x64.Build.0 = Debug|Any CPU
		{A16D7D9D-5C55-4598-B72A-91001559CB08}.Debug|x86.ActiveCfg = Debug|Any CPU
		{A16D7D9D-5C55-4598-B72A-91001559CB08}.Debug|x86.Build.0 = Debug|Any CPU
		{A16D7D9D-5C55-4598-B72A-91001559CB08}.Release|Any CPU.ActiveCfg = Release|Any CPU
		{A16D7D9D-5C55-4598-B72A-91001559CB08}.Release|Any CPU.Build.0 = Release|Any CPU
		{A16D7D9D-5C55-4598-B72A-91001559CB08}.Release|ARM.ActiveCfg = Release|Any CPU
		{A16D7D9D-5C55-4598-B72A-91001559CB08}.Release|ARM.Build.0 = Release|Any CPU
		{A16D7D9D-5C55-4598-B72A-91001559CB08}.Release|iPhone.ActiveCfg = Release|Any CPU
		{A16D7D9D-5C55-4598-B72A-91001559CB08}.Release|iPhone.Build.0 = Release|Any CPU
		{A16D7D9D-5C55-4598-B72A-91001559CB08}.Release|iPhoneSimulator.ActiveCfg = Release|Any CPU
		{A16D7D9D-5C55-4598-B72A-91001559CB08}.Release|iPhoneSimulator.Build.0 = Release|Any CPU
		{A16D7D9D-5C55-4598-B72A-91001559CB08}.Release|x64.ActiveCfg = Release|Any CPU
		{A16D7D9D-5C55-4598-B72A-91001559CB08}.Release|x64.Build.0 = Release|Any CPU
		{A16D7D9D-5C55-4598-B72A-91001559CB08}.Release|x86.ActiveCfg = Release|Any CPU
		{A16D7D9D-5C55-4598-B72A-91001559CB08}.Release|x86.Build.0 = Release|Any CPU
		{7E7A5F1E-C4B5-4F85-A27E-E174CEC6A12B}.Ad-Hoc|Any CPU.ActiveCfg = Release|Any CPU
		{7E7A5F1E-C4B5-4F85-A27E-E174CEC6A12B}.Ad-Hoc|Any CPU.Build.0 = Release|Any CPU
		{7E7A5F1E-C4B5-4F85-A27E-E174CEC6A12B}.Ad-Hoc|ARM.ActiveCfg = Release|Any CPU
		{7E7A5F1E-C4B5-4F85-A27E-E174CEC6A12B}.Ad-Hoc|ARM.Build.0 = Release|Any CPU
		{7E7A5F1E-C4B5-4F85-A27E-E174CEC6A12B}.Ad-Hoc|iPhone.ActiveCfg = Release|Any CPU
		{7E7A5F1E-C4B5-4F85-A27E-E174CEC6A12B}.Ad-Hoc|iPhone.Build.0 = Release|Any CPU
		{7E7A5F1E-C4B5-4F85-A27E-E174CEC6A12B}.Ad-Hoc|iPhoneSimulator.ActiveCfg = Release|Any CPU
		{7E7A5F1E-C4B5-4F85-A27E-E174CEC6A12B}.Ad-Hoc|iPhoneSimulator.Build.0 = Release|Any CPU
		{7E7A5F1E-C4B5-4F85-A27E-E174CEC6A12B}.Ad-Hoc|x64.ActiveCfg = Release|Any CPU
		{7E7A5F1E-C4B5-4F85-A27E-E174CEC6A12B}.Ad-Hoc|x64.Build.0 = Release|Any CPU
		{7E7A5F1E-C4B5-4F85-A27E-E174CEC6A12B}.Ad-Hoc|x86.ActiveCfg = Release|Any CPU
		{7E7A5F1E-C4B5-4F85-A27E-E174CEC6A12B}.Ad-Hoc|x86.Build.0 = Release|Any CPU
		{7E7A5F1E-C4B5-4F85-A27E-E174CEC6A12B}.AppStore|Any CPU.ActiveCfg = Release|Any CPU
		{7E7A5F1E-C4B5-4F85-A27E-E174CEC6A12B}.AppStore|Any CPU.Build.0 = Release|Any CPU
		{7E7A5F1E-C4B5-4F85-A27E-E174CEC6A12B}.AppStore|ARM.ActiveCfg = Release|Any CPU
		{7E7A5F1E-C4B5-4F85-A27E-E174CEC6A12B}.AppStore|ARM.Build.0 = Release|Any CPU
		{7E7A5F1E-C4B5-4F85-A27E-E174CEC6A12B}.AppStore|iPhone.ActiveCfg = Release|Any CPU
		{7E7A5F1E-C4B5-4F85-A27E-E174CEC6A12B}.AppStore|iPhone.Build.0 = Release|Any CPU
		{7E7A5F1E-C4B5-4F85-A27E-E174CEC6A12B}.AppStore|iPhoneSimulator.ActiveCfg = Release|Any CPU
		{7E7A5F1E-C4B5-4F85-A27E-E174CEC6A12B}.AppStore|iPhoneSimulator.Build.0 = Release|Any CPU
		{7E7A5F1E-C4B5-4F85-A27E-E174CEC6A12B}.AppStore|x64.ActiveCfg = Release|Any CPU
		{7E7A5F1E-C4B5-4F85-A27E-E174CEC6A12B}.AppStore|x64.Build.0 = Release|Any CPU
		{7E7A5F1E-C4B5-4F85-A27E-E174CEC6A12B}.AppStore|x86.ActiveCfg = Release|Any CPU
		{7E7A5F1E-C4B5-4F85-A27E-E174CEC6A12B}.AppStore|x86.Build.0 = Release|Any CPU
		{7E7A5F1E-C4B5-4F85-A27E-E174CEC6A12B}.Debug|Any CPU.ActiveCfg = Debug|Any CPU
		{7E7A5F1E-C4B5-4F85-A27E-E174CEC6A12B}.Debug|Any CPU.Build.0 = Debug|Any CPU
		{7E7A5F1E-C4B5-4F85-A27E-E174CEC6A12B}.Debug|ARM.ActiveCfg = Debug|Any CPU
		{7E7A5F1E-C4B5-4F85-A27E-E174CEC6A12B}.Debug|ARM.Build.0 = Debug|Any CPU
		{7E7A5F1E-C4B5-4F85-A27E-E174CEC6A12B}.Debug|iPhone.ActiveCfg = Debug|Any CPU
		{7E7A5F1E-C4B5-4F85-A27E-E174CEC6A12B}.Debug|iPhone.Build.0 = Debug|Any CPU
		{7E7A5F1E-C4B5-4F85-A27E-E174CEC6A12B}.Debug|iPhoneSimulator.ActiveCfg = Debug|Any CPU
		{7E7A5F1E-C4B5-4F85-A27E-E174CEC6A12B}.Debug|iPhoneSimulator.Build.0 = Debug|Any CPU
		{7E7A5F1E-C4B5-4F85-A27E-E174CEC6A12B}.Debug|x64.ActiveCfg = Debug|Any CPU
		{7E7A5F1E-C4B5-4F85-A27E-E174CEC6A12B}.Debug|x64.Build.0 = Debug|Any CPU
		{7E7A5F1E-C4B5-4F85-A27E-E174CEC6A12B}.Debug|x86.ActiveCfg = Debug|Any CPU
		{7E7A5F1E-C4B5-4F85-A27E-E174CEC6A12B}.Debug|x86.Build.0 = Debug|Any CPU
		{7E7A5F1E-C4B5-4F85-A27E-E174CEC6A12B}.Release|Any CPU.ActiveCfg = Release|Any CPU
		{7E7A5F1E-C4B5-4F85-A27E-E174CEC6A12B}.Release|Any CPU.Build.0 = Release|Any CPU
		{7E7A5F1E-C4B5-4F85-A27E-E174CEC6A12B}.Release|ARM.ActiveCfg = Release|Any CPU
		{7E7A5F1E-C4B5-4F85-A27E-E174CEC6A12B}.Release|ARM.Build.0 = Release|Any CPU
		{7E7A5F1E-C4B5-4F85-A27E-E174CEC6A12B}.Release|iPhone.ActiveCfg = Release|Any CPU
		{7E7A5F1E-C4B5-4F85-A27E-E174CEC6A12B}.Release|iPhone.Build.0 = Release|Any CPU
		{7E7A5F1E-C4B5-4F85-A27E-E174CEC6A12B}.Release|iPhoneSimulator.ActiveCfg = Release|Any CPU
		{7E7A5F1E-C4B5-4F85-A27E-E174CEC6A12B}.Release|iPhoneSimulator.Build.0 = Release|Any CPU
		{7E7A5F1E-C4B5-4F85-A27E-E174CEC6A12B}.Release|x64.ActiveCfg = Release|Any CPU
		{7E7A5F1E-C4B5-4F85-A27E-E174CEC6A12B}.Release|x64.Build.0 = Release|Any CPU
		{7E7A5F1E-C4B5-4F85-A27E-E174CEC6A12B}.Release|x86.ActiveCfg = Release|Any CPU
		{7E7A5F1E-C4B5-4F85-A27E-E174CEC6A12B}.Release|x86.Build.0 = Release|Any CPU
	EndGlobalSection
	GlobalSection(SolutionProperties) = preSolution
		HideSolutionNode = FALSE
	EndGlobalSection
EndGlobal
